// !$*UTF8*$!
{
	archiveVersion = 1;
	classes = {
	};
	objectVersion = 46;
	objects = {

/* Begin PBXBuildFile section */
		2B1FC7721E4C582700014E19 /* BoysViewController.m in Sources */ = {isa = PBXBuildFile; fileRef = 2B1FC7711E4C582700014E19 /* BoysViewController.m */; };
		2B1FC7771E4C587C00014E19 /* BoysCell.m in Sources */ = {isa = PBXBuildFile; fileRef = 2B1FC7751E4C587C00014E19 /* BoysCell.m */; };
		2B1FC7781E4C587C00014E19 /* BoysCell.xib in Resources */ = {isa = PBXBuildFile; fileRef = 2B1FC7761E4C587C00014E19 /* BoysCell.xib */; };
		2B1FC77C1E4C590200014E19 /* BoysModel.m in Sources */ = {isa = PBXBuildFile; fileRef = 2B1FC77B1E4C590200014E19 /* BoysModel.m */; };
		2B1FC7801E4C653800014E19 /* BoysLoadDataController.m in Sources */ = {isa = PBXBuildFile; fileRef = 2B1FC77F1E4C653800014E19 /* BoysLoadDataController.m */; };
		2B1FC7841E4C760800014E19 /* WebViewController.m in Sources */ = {isa = PBXBuildFile; fileRef = 2B1FC7831E4C760800014E19 /* WebViewController.m */; };
		2B1FC78B1E4D6B3300014E19 /* JKModel.m in Sources */ = {isa = PBXBuildFile; fileRef = 2B1FC78A1E4D6B3300014E19 /* JKModel.m */; };
		2B1FC7901E4D6B6F00014E19 /* JKCell.m in Sources */ = {isa = PBXBuildFile; fileRef = 2B1FC78E1E4D6B6F00014E19 /* JKCell.m */; };
		2B1FC7911E4D6B6F00014E19 /* JKCell.xib in Resources */ = {isa = PBXBuildFile; fileRef = 2B1FC78F1E4D6B6F00014E19 /* JKCell.xib */; };
		2B1FC7941E4D6BDC00014E19 /* JKViewController.m in Sources */ = {isa = PBXBuildFile; fileRef = 2B1FC7931E4D6BDC00014E19 /* JKViewController.m */; };
		2B1FC7971E4D6C2100014E19 /* JKLoadDataController.m in Sources */ = {isa = PBXBuildFile; fileRef = 2B1FC7961E4D6C2100014E19 /* JKLoadDataController.m */; };
		2B1FC79A1E4DB0FF00014E19 /* JKCountentViewController.m in Sources */ = {isa = PBXBuildFile; fileRef = 2B1FC7991E4DB0FF00014E19 /* JKCountentViewController.m */; };
		2B1FC79E1E4DB2AB00014E19 /* CenterModel.m in Sources */ = {isa = PBXBuildFile; fileRef = 2B1FC79D1E4DB2AB00014E19 /* CenterModel.m */; };
		2B1FC7A11E4DB5A100014E19 /* JKContentLoadDataController.m in Sources */ = {isa = PBXBuildFile; fileRef = 2B1FC7A01E4DB5A100014E19 /* JKContentLoadDataController.m */; };
		2B1FC7A41E4DCD8E00014E19 /* ContentViewController.m in Sources */ = {isa = PBXBuildFile; fileRef = 2B1FC7A31E4DCD8E00014E19 /* ContentViewController.m */; };
		2B6F34031E763D5D00AAE84A /* Fabric.framework in Frameworks */ = {isa = PBXBuildFile; fileRef = 2B6F34011E763D5D00AAE84A /* Fabric.framework */; };
		2B6F34041E763D5D00AAE84A /* Crashlytics.framework in Frameworks */ = {isa = PBXBuildFile; fileRef = 2B6F34021E763D5D00AAE84A /* Crashlytics.framework */; };
		2B735A291E792B0F00CBA4A2 /* SwiftViewController.swift in Sources */ = {isa = PBXBuildFile; fileRef = 2B735A281E792B0F00CBA4A2 /* SwiftViewController.swift */; };
		2B735A301E7935E100CBA4A2 /* Alamofire.framework in Frameworks */ = {isa = PBXBuildFile; fileRef = 2B735A2A1E7935E100CBA4A2 /* Alamofire.framework */; };
		2B735A311E7935E100CBA4A2 /* Cartography.framework in Frameworks */ = {isa = PBXBuildFile; fileRef = 2B735A2B1E7935E100CBA4A2 /* Cartography.framework */; };
		2B735A321E7935E100CBA4A2 /* Locksmith.framework in Frameworks */ = {isa = PBXBuildFile; fileRef = 2B735A2C1E7935E100CBA4A2 /* Locksmith.framework */; };
		2B735A331E7935E100CBA4A2 /* MonkeyKing.framework in Frameworks */ = {isa = PBXBuildFile; fileRef = 2B735A2D1E7935E100CBA4A2 /* MonkeyKing.framework */; };
		2B735A341E7935E100CBA4A2 /* ObjectMapper.framework in Frameworks */ = {isa = PBXBuildFile; fileRef = 2B735A2E1E7935E100CBA4A2 /* ObjectMapper.framework */; };
		2B735A351E7935E100CBA4A2 /* Reachability.framework in Frameworks */ = {isa = PBXBuildFile; fileRef = 2B735A2F1E7935E100CBA4A2 /* Reachability.framework */; };
		2BBC6B981E793DB600E0458C /* BlueTouchViewController.swift in Sources */ = {isa = PBXBuildFile; fileRef = 2BBC6B971E793DB600E0458C /* BlueTouchViewController.swift */; };
		2BBC6B9C1E7A699000E0458C /* JSViewController.swift in Sources */ = {isa = PBXBuildFile; fileRef = 2BBC6B9B1E7A699000E0458C /* JSViewController.swift */; };
		2BBC6BA01E7A820B00E0458C /* test.html in Resources */ = {isa = PBXBuildFile; fileRef = 2BBC6B9F1E7A820B00E0458C /* test.html */; };
		2BBC6BA21E7A9C2000E0458C /* AccountManager.swift in Sources */ = {isa = PBXBuildFile; fileRef = 2BBC6BA11E7A9C2000E0458C /* AccountManager.swift */; };
		2BBC6BA51E7BAB3700E0458C /* PPTestViewController.swift in Sources */ = {isa = PBXBuildFile; fileRef = 2BBC6BA41E7BAB3700E0458C /* PPTestViewController.swift */; };
		CE106CC61D7EA5E600C7F181 /* main.m in Sources */ = {isa = PBXBuildFile; fileRef = CE106CC51D7EA5E600C7F181 /* main.m */; };
		CE106CC91D7EA5E600C7F181 /* AppDelegate.m in Sources */ = {isa = PBXBuildFile; fileRef = CE106CC81D7EA5E600C7F181 /* AppDelegate.m */; };
		CE106CCB1D7EA5E700C7F181 /* Assets.xcassets in Resources */ = {isa = PBXBuildFile; fileRef = CE106CCA1D7EA5E700C7F181 /* Assets.xcassets */; };
		CE106CCE1D7EA5E700C7F181 /* LaunchScreen.storyboard in Resources */ = {isa = PBXBuildFile; fileRef = CE106CCC1D7EA5E700C7F181 /* LaunchScreen.storyboard */; };
		CE106CDD1D7EA7C500C7F181 /* HomeViewController.m in Sources */ = {isa = PBXBuildFile; fileRef = CE106CDC1D7EA7C500C7F181 /* HomeViewController.m */; };
		CE106CEE1D7EA8DA00C7F181 /* MyHtmlViewController.m in Sources */ = {isa = PBXBuildFile; fileRef = CE106CE01D7EA8DA00C7F181 /* MyHtmlViewController.m */; };
		CE106CEF1D7EA8DA00C7F181 /* PlayerViewController.m in Sources */ = {isa = PBXBuildFile; fileRef = CE106CE21D7EA8DA00C7F181 /* PlayerViewController.m */; };
		CE106CF01D7EA8DA00C7F181 /* RECommonFunctions.m in Sources */ = {isa = PBXBuildFile; fileRef = CE106CE41D7EA8DA00C7F181 /* RECommonFunctions.m */; };
		CE106CF11D7EA8DA00C7F181 /* RESideMenu.m in Sources */ = {isa = PBXBuildFile; fileRef = CE106CE61D7EA8DA00C7F181 /* RESideMenu.m */; };
		CE106CF21D7EA8DA00C7F181 /* TableViewController.m in Sources */ = {isa = PBXBuildFile; fileRef = CE106CE81D7EA8DA00C7F181 /* TableViewController.m */; };
		CE106CF31D7EA8DA00C7F181 /* TestViewController.m in Sources */ = {isa = PBXBuildFile; fileRef = CE106CEA1D7EA8DA00C7F181 /* TestViewController.m */; };
		CE106CF41D7EA8DA00C7F181 /* TestViewController.xib in Resources */ = {isa = PBXBuildFile; fileRef = CE106CEB1D7EA8DA00C7F181 /* TestViewController.xib */; };
		CE106CF51D7EA8DA00C7F181 /* UIViewController+RESideMenu.m in Sources */ = {isa = PBXBuildFile; fileRef = CE106CED1D7EA8DA00C7F181 /* UIViewController+RESideMenu.m */; };
		CE106CFA1D7EAA3200C7F181 /* LeftViewController.m in Sources */ = {isa = PBXBuildFile; fileRef = CE106CF91D7EAA3200C7F181 /* LeftViewController.m */; };
		CE106D011D7EAEDA00C7F181 /* TableFatherViewController.m in Sources */ = {isa = PBXBuildFile; fileRef = CE106D001D7EAEDA00C7F181 /* TableFatherViewController.m */; };
		CE106D051D7EB56100C7F181 /* MoreToolViewController.m in Sources */ = {isa = PBXBuildFile; fileRef = CE106D041D7EB56100C7F181 /* MoreToolViewController.m */; };
		CE106D0D1D7EBF7B00C7F181 /* XTGNViewController.m in Sources */ = {isa = PBXBuildFile; fileRef = CE106D0C1D7EBF7B00C7F181 /* XTGNViewController.m */; };
		CE191E191D95308300B9D8E4 /* AQYXQViewController.m in Sources */ = {isa = PBXBuildFile; fileRef = CE191E181D95308300B9D8E4 /* AQYXQViewController.m */; };
		CE268A1D1DAC9FB80021AA00 /* AudioToolbox.framework in Frameworks */ = {isa = PBXBuildFile; fileRef = CE268A1C1DAC9FB80021AA00 /* AudioToolbox.framework */; };
		CE268A1F1DACB8270021AA00 /* CoreMotion.framework in Frameworks */ = {isa = PBXBuildFile; fileRef = CE268A1E1DACB8270021AA00 /* CoreMotion.framework */; };
		CE268A211DACB83D0021AA00 /* CoreMedia.framework in Frameworks */ = {isa = PBXBuildFile; fileRef = CE268A201DACB83D0021AA00 /* CoreMedia.framework */; };
		CE268A231DACB8550021AA00 /* VideoToolbox.framework in Frameworks */ = {isa = PBXBuildFile; fileRef = CE268A221DACB8550021AA00 /* VideoToolbox.framework */; };
		CE268A251DACB8830021AA00 /* AgoraAudioKit.framework in Frameworks */ = {isa = PBXBuildFile; fileRef = CE268A241DACB8830021AA00 /* AgoraAudioKit.framework */; };
		CE268A271DACB8CF0021AA00 /* AgoraAudioKit.framework in Frameworks */ = {isa = PBXBuildFile; fileRef = CE268A261DACB8CF0021AA00 /* AgoraAudioKit.framework */; };
		CE31970F1D99200B006D2C42 /* SetingTableViewController.m in Sources */ = {isa = PBXBuildFile; fileRef = CE31970E1D99200B006D2C42 /* SetingTableViewController.m */; };
		CE3197141D992060006D2C42 /* SettingTableViewCell.m in Sources */ = {isa = PBXBuildFile; fileRef = CE3197121D992060006D2C42 /* SettingTableViewCell.m */; };
		CE3197151D992060006D2C42 /* SettingTableViewCell.xib in Resources */ = {isa = PBXBuildFile; fileRef = CE3197131D992060006D2C42 /* SettingTableViewCell.xib */; };
		CE34F03A1D9141790018ABDC /* Security.framework in Frameworks */ = {isa = PBXBuildFile; fileRef = CE34F0391D9141790018ABDC /* Security.framework */; };
		CE34F03C1D91418D0018ABDC /* libiconv.tbd in Frameworks */ = {isa = PBXBuildFile; fileRef = CE34F03B1D91418D0018ABDC /* libiconv.tbd */; };
		CE34F03E1D9141980018ABDC /* SystemConfiguration.framework in Frameworks */ = {isa = PBXBuildFile; fileRef = CE34F03D1D9141980018ABDC /* SystemConfiguration.framework */; };
		CE34F0401D9141A40018ABDC /* CoreGraphics.framework in Frameworks */ = {isa = PBXBuildFile; fileRef = CE34F03F1D9141A40018ABDC /* CoreGraphics.framework */; };
		CE34F0421D9141BD0018ABDC /* libsqlite3.tbd in Frameworks */ = {isa = PBXBuildFile; fileRef = CE34F0411D9141BD0018ABDC /* libsqlite3.tbd */; };
		CE34F0441D9141C90018ABDC /* CoreTelephony.framework in Frameworks */ = {isa = PBXBuildFile; fileRef = CE34F0431D9141C90018ABDC /* CoreTelephony.framework */; };
		CE34F0461D9141D40018ABDC /* libstdc++.tbd in Frameworks */ = {isa = PBXBuildFile; fileRef = CE34F0451D9141D40018ABDC /* libstdc++.tbd */; };
		CE34F0481D9141E20018ABDC /* libz.tbd in Frameworks */ = {isa = PBXBuildFile; fileRef = CE34F0471D9141E20018ABDC /* libz.tbd */; };
		CE4B8F651D87DA3400D9C1BE /* hahha in Resources */ = {isa = PBXBuildFile; fileRef = CE4B8F641D87DA3400D9C1BE /* hahha */; };
		CE4B8F701D87F0A800D9C1BE /* MyHeadView.m in Sources */ = {isa = PBXBuildFile; fileRef = CE4B8F6E1D87F0A800D9C1BE /* MyHeadView.m */; };
		CE4B8F711D87F0A800D9C1BE /* MyHeadView.xib in Resources */ = {isa = PBXBuildFile; fileRef = CE4B8F6F1D87F0A800D9C1BE /* MyHeadView.xib */; };
		CE4B8F751D88E28900D9C1BE /* LoadDataBaisiControl.m in Sources */ = {isa = PBXBuildFile; fileRef = CE4B8F741D88E28900D9C1BE /* LoadDataBaisiControl.m */; };
		CE5E7DC41DAB45EA00E8DC6A /* TelAddressViewController.m in Sources */ = {isa = PBXBuildFile; fileRef = CE5E7DC31DAB45EA00E8DC6A /* TelAddressViewController.m */; };
		CE638E951D800B3D00D7720C /* BaiSiDJViewController.m in Sources */ = {isa = PBXBuildFile; fileRef = CE638E941D800B3D00D7720C /* BaiSiDJViewController.m */; };
		CE638E991D800B6200D7720C /* BaiSiBDJCell.m in Sources */ = {isa = PBXBuildFile; fileRef = CE638E971D800B6200D7720C /* BaiSiBDJCell.m */; };
		CE638E9A1D800B6200D7720C /* BaiSiBDJCell.xib in Resources */ = {isa = PBXBuildFile; fileRef = CE638E981D800B6200D7720C /* BaiSiBDJCell.xib */; };
		CE638E9E1D800BA600D7720C /* FatherModel.m in Sources */ = {isa = PBXBuildFile; fileRef = CE638E9D1D800BA600D7720C /* FatherModel.m */; };
		CE638EA11D800BBD00D7720C /* BaiSiBDJModel.m in Sources */ = {isa = PBXBuildFile; fileRef = CE638EA01D800BBD00D7720C /* BaiSiBDJModel.m */; };
		CE638EA51D80102200D7720C /* TitleModel.m in Sources */ = {isa = PBXBuildFile; fileRef = CE638EA41D80102200D7720C /* TitleModel.m */; };
		CE638EA91D801C4900D7720C /* LoadDataController.m in Sources */ = {isa = PBXBuildFile; fileRef = CE638EA81D801C4900D7720C /* LoadDataController.m */; };
		CE638EAD1D81106000D7720C /* BaiSiBDJDataController.m in Sources */ = {isa = PBXBuildFile; fileRef = CE638EAC1D81106000D7720C /* BaiSiBDJDataController.m */; };
		CE638EB21D828DA900D7720C /* FenLeiViewController.m in Sources */ = {isa = PBXBuildFile; fileRef = CE638EB11D828DA900D7720C /* FenLeiViewController.m */; };
		CE638EB71D82BE0900D7720C /* FenleiCell.m in Sources */ = {isa = PBXBuildFile; fileRef = CE638EB51D82BE0900D7720C /* FenleiCell.m */; };
		CE638EB81D82BE0900D7720C /* FenleiCell.xib in Resources */ = {isa = PBXBuildFile; fileRef = CE638EB61D82BE0900D7720C /* FenleiCell.xib */; };
		CE6CC59F1DAF843600BDE875 /* TextViewController.m in Sources */ = {isa = PBXBuildFile; fileRef = CE6CC59E1DAF843600BDE875 /* TextViewController.m */; };
		CE885EC41D93910A00CB22D0 /* LoadDataBaiSiPLControl.m in Sources */ = {isa = PBXBuildFile; fileRef = CE885EC31D93910A00CB22D0 /* LoadDataBaiSiPLControl.m */; };
		CE885EC81D9398FC00CB22D0 /* PLModel.m in Sources */ = {isa = PBXBuildFile; fileRef = CE885EC71D9398FC00CB22D0 /* PLModel.m */; };
		CE885ED41D93EE2C00CB22D0 /* AQYViewController.m in Sources */ = {isa = PBXBuildFile; fileRef = CE885ED31D93EE2C00CB22D0 /* AQYViewController.m */; };
		CE885ED81D93EF0700CB22D0 /* AQYLoadDataControl.m in Sources */ = {isa = PBXBuildFile; fileRef = CE885ED71D93EF0700CB22D0 /* AQYLoadDataControl.m */; };
		CE885EDD1D94CE5600CB22D0 /* libWeChatSDK.a in Frameworks */ = {isa = PBXBuildFile; fileRef = CE885EDA1D94CE5600CB22D0 /* libWeChatSDK.a */; };
		CE885EE01D94D23400CB22D0 /* libsqlite3.0.tbd in Frameworks */ = {isa = PBXBuildFile; fileRef = CE885EDF1D94D23400CB22D0 /* libsqlite3.0.tbd */; };
		CE885EE21D94D24E00CB22D0 /* libc++.tbd in Frameworks */ = {isa = PBXBuildFile; fileRef = CE885EE11D94D24E00CB22D0 /* libc++.tbd */; };
		CEA184481D9004AA001B04DC /* XQViewController.m in Sources */ = {isa = PBXBuildFile; fileRef = CEA184471D9004AA001B04DC /* XQViewController.m */; };
		CEA713791D9A565600F5FCC3 /* AVPlayerVideoViewController.m in Sources */ = {isa = PBXBuildFile; fileRef = CEA713781D9A565600F5FCC3 /* AVPlayerVideoViewController.m */; };
		CEA7137D1D9A677500F5FCC3 /* VideoButtonView.m in Sources */ = {isa = PBXBuildFile; fileRef = CEA7137C1D9A677500F5FCC3 /* VideoButtonView.m */; };
		CEA7137F1D9A679900F5FCC3 /* VideoButtonView.xib in Resources */ = {isa = PBXBuildFile; fileRef = CEA7137E1D9A679900F5FCC3 /* VideoButtonView.xib */; };
		CEA803361DA8F63F006C6717 /* MMYGViewController.m in Sources */ = {isa = PBXBuildFile; fileRef = CEA803351DA8F63F006C6717 /* MMYGViewController.m */; };
		CEA803391DA9E488006C6717 /* Chart.js in Resources */ = {isa = PBXBuildFile; fileRef = CEA803371DA9E488006C6717 /* Chart.js */; };
		CEA8033A1DA9E488006C6717 /* index.html in Resources */ = {isa = PBXBuildFile; fileRef = CEA803381DA9E488006C6717 /* index.html */; };
		CEA8033E1DA9E5C7006C6717 /* ChartViewController.m in Sources */ = {isa = PBXBuildFile; fileRef = CEA8033D1DA9E5C7006C6717 /* ChartViewController.m */; };
		CEC1F9C21D9BA742007A555C /* AVFoundation.framework in Frameworks */ = {isa = PBXBuildFile; fileRef = CEC1F9C11D9BA742007A555C /* AVFoundation.framework */; };
		CED4BCAE1D9A117E0096E842 /* XLKKViewController.m in Sources */ = {isa = PBXBuildFile; fileRef = CED4BCAD1D9A117E0096E842 /* XLKKViewController.m */; };
		CED4BCB41D9A12C50096E842 /* XLTableViewCell.m in Sources */ = {isa = PBXBuildFile; fileRef = CED4BCB21D9A12C50096E842 /* XLTableViewCell.m */; };
		CED4BCB51D9A12C50096E842 /* XLTableViewCell.xib in Resources */ = {isa = PBXBuildFile; fileRef = CED4BCB31D9A12C50096E842 /* XLTableViewCell.xib */; };
		CED4BCB91D9A14A30096E842 /* XLModel.m in Sources */ = {isa = PBXBuildFile; fileRef = CED4BCB81D9A14A30096E842 /* XLModel.m */; };
		CED4BCBC1D9A181F0096E842 /* NSObject+SBData.m in Sources */ = {isa = PBXBuildFile; fileRef = CED4BCBB1D9A181F0096E842 /* NSObject+SBData.m */; };
		CED4BCC01D9A19E50096E842 /* XLLoadDataController.m in Sources */ = {isa = PBXBuildFile; fileRef = CED4BCBF1D9A19E50096E842 /* XLLoadDataController.m */; };
		CED4BCC41D9A2DCB0096E842 /* XLVideoModel.m in Sources */ = {isa = PBXBuildFile; fileRef = CED4BCC31D9A2DCB0096E842 /* XLVideoModel.m */; };
		CED719971D8F93E000A35F04 /* BSBDJTableViewCell.m in Sources */ = {isa = PBXBuildFile; fileRef = CED719961D8F93E000A35F04 /* BSBDJTableViewCell.m */; };
		CEEA68841D9292BE00017A2A /* ShearView.m in Sources */ = {isa = PBXBuildFile; fileRef = CEEA68831D9292BE00017A2A /* ShearView.m */; };
		CEF21BF91D950CEB006B2BCC /* VideoCollectionViewCell.m in Sources */ = {isa = PBXBuildFile; fileRef = CEF21BF71D950CEB006B2BCC /* VideoCollectionViewCell.m */; };
		CEF21BFA1D950CEB006B2BCC /* VideoCollectionViewCell.xib in Resources */ = {isa = PBXBuildFile; fileRef = CEF21BF81D950CEB006B2BCC /* VideoCollectionViewCell.xib */; };
		D479882B13F24A3692C724E7 /* libPods.a in Frameworks */ = {isa = PBXBuildFile; fileRef = 69A0DAB4BE8747228BC49F6E /* libPods.a */; };
/* End PBXBuildFile section */

/* Begin PBXFileReference section */
		21E1E70429D533FD9DDD4B3D /* Pods.debug.xcconfig */ = {isa = PBXFileReference; includeInIndex = 1; lastKnownFileType = text.xcconfig; name = Pods.debug.xcconfig; path = "Pods/Target Support Files/Pods/Pods.debug.xcconfig"; sourceTree = "<group>"; };
		2B1FC7701E4C582700014E19 /* BoysViewController.h */ = {isa = PBXFileReference; fileEncoding = 4; lastKnownFileType = sourcecode.c.h; path = BoysViewController.h; sourceTree = "<group>"; };
		2B1FC7711E4C582700014E19 /* BoysViewController.m */ = {isa = PBXFileReference; fileEncoding = 4; lastKnownFileType = sourcecode.c.objc; path = BoysViewController.m; sourceTree = "<group>"; };
		2B1FC7741E4C587C00014E19 /* BoysCell.h */ = {isa = PBXFileReference; fileEncoding = 4; lastKnownFileType = sourcecode.c.h; path = BoysCell.h; sourceTree = "<group>"; };
		2B1FC7751E4C587C00014E19 /* BoysCell.m */ = {isa = PBXFileReference; fileEncoding = 4; lastKnownFileType = sourcecode.c.objc; path = BoysCell.m; sourceTree = "<group>"; };
		2B1FC7761E4C587C00014E19 /* BoysCell.xib */ = {isa = PBXFileReference; fileEncoding = 4; lastKnownFileType = file.xib; path = BoysCell.xib; sourceTree = "<group>"; };
		2B1FC77A1E4C590200014E19 /* BoysModel.h */ = {isa = PBXFileReference; fileEncoding = 4; lastKnownFileType = sourcecode.c.h; path = BoysModel.h; sourceTree = "<group>"; };
		2B1FC77B1E4C590200014E19 /* BoysModel.m */ = {isa = PBXFileReference; fileEncoding = 4; lastKnownFileType = sourcecode.c.objc; path = BoysModel.m; sourceTree = "<group>"; };
		2B1FC77E1E4C653800014E19 /* BoysLoadDataController.h */ = {isa = PBXFileReference; fileEncoding = 4; lastKnownFileType = sourcecode.c.h; path = BoysLoadDataController.h; sourceTree = "<group>"; };
		2B1FC77F1E4C653800014E19 /* BoysLoadDataController.m */ = {isa = PBXFileReference; fileEncoding = 4; lastKnownFileType = sourcecode.c.objc; path = BoysLoadDataController.m; sourceTree = "<group>"; };
		2B1FC7821E4C760800014E19 /* WebViewController.h */ = {isa = PBXFileReference; fileEncoding = 4; lastKnownFileType = sourcecode.c.h; path = WebViewController.h; sourceTree = "<group>"; };
		2B1FC7831E4C760800014E19 /* WebViewController.m */ = {isa = PBXFileReference; fileEncoding = 4; lastKnownFileType = sourcecode.c.objc; path = WebViewController.m; sourceTree = "<group>"; };
		2B1FC7891E4D6B3300014E19 /* JKModel.h */ = {isa = PBXFileReference; fileEncoding = 4; lastKnownFileType = sourcecode.c.h; path = JKModel.h; sourceTree = "<group>"; };
		2B1FC78A1E4D6B3300014E19 /* JKModel.m */ = {isa = PBXFileReference; fileEncoding = 4; lastKnownFileType = sourcecode.c.objc; path = JKModel.m; sourceTree = "<group>"; };
		2B1FC78D1E4D6B6F00014E19 /* JKCell.h */ = {isa = PBXFileReference; fileEncoding = 4; lastKnownFileType = sourcecode.c.h; path = JKCell.h; sourceTree = "<group>"; };
		2B1FC78E1E4D6B6F00014E19 /* JKCell.m */ = {isa = PBXFileReference; fileEncoding = 4; lastKnownFileType = sourcecode.c.objc; path = JKCell.m; sourceTree = "<group>"; };
		2B1FC78F1E4D6B6F00014E19 /* JKCell.xib */ = {isa = PBXFileReference; fileEncoding = 4; lastKnownFileType = file.xib; path = JKCell.xib; sourceTree = "<group>"; };
		2B1FC7921E4D6BDC00014E19 /* JKViewController.h */ = {isa = PBXFileReference; fileEncoding = 4; lastKnownFileType = sourcecode.c.h; path = JKViewController.h; sourceTree = "<group>"; };
		2B1FC7931E4D6BDC00014E19 /* JKViewController.m */ = {isa = PBXFileReference; fileEncoding = 4; lastKnownFileType = sourcecode.c.objc; path = JKViewController.m; sourceTree = "<group>"; };
		2B1FC7951E4D6C2100014E19 /* JKLoadDataController.h */ = {isa = PBXFileReference; fileEncoding = 4; lastKnownFileType = sourcecode.c.h; path = JKLoadDataController.h; sourceTree = "<group>"; };
		2B1FC7961E4D6C2100014E19 /* JKLoadDataController.m */ = {isa = PBXFileReference; fileEncoding = 4; lastKnownFileType = sourcecode.c.objc; path = JKLoadDataController.m; sourceTree = "<group>"; };
		2B1FC7981E4DB0FF00014E19 /* JKCountentViewController.h */ = {isa = PBXFileReference; fileEncoding = 4; lastKnownFileType = sourcecode.c.h; path = JKCountentViewController.h; sourceTree = "<group>"; };
		2B1FC7991E4DB0FF00014E19 /* JKCountentViewController.m */ = {isa = PBXFileReference; fileEncoding = 4; lastKnownFileType = sourcecode.c.objc; path = JKCountentViewController.m; sourceTree = "<group>"; };
		2B1FC79C1E4DB2AB00014E19 /* CenterModel.h */ = {isa = PBXFileReference; fileEncoding = 4; lastKnownFileType = sourcecode.c.h; path = CenterModel.h; sourceTree = "<group>"; };
		2B1FC79D1E4DB2AB00014E19 /* CenterModel.m */ = {isa = PBXFileReference; fileEncoding = 4; lastKnownFileType = sourcecode.c.objc; path = CenterModel.m; sourceTree = "<group>"; };
		2B1FC79F1E4DB5A100014E19 /* JKContentLoadDataController.h */ = {isa = PBXFileReference; fileEncoding = 4; lastKnownFileType = sourcecode.c.h; path = JKContentLoadDataController.h; sourceTree = "<group>"; };
		2B1FC7A01E4DB5A100014E19 /* JKContentLoadDataController.m */ = {isa = PBXFileReference; fileEncoding = 4; lastKnownFileType = sourcecode.c.objc; path = JKContentLoadDataController.m; sourceTree = "<group>"; };
		2B1FC7A21E4DCD8E00014E19 /* ContentViewController.h */ = {isa = PBXFileReference; fileEncoding = 4; lastKnownFileType = sourcecode.c.h; path = ContentViewController.h; sourceTree = "<group>"; };
		2B1FC7A31E4DCD8E00014E19 /* ContentViewController.m */ = {isa = PBXFileReference; fileEncoding = 4; lastKnownFileType = sourcecode.c.objc; path = ContentViewController.m; sourceTree = "<group>"; };
		2B6F34011E763D5D00AAE84A /* Fabric.framework */ = {isa = PBXFileReference; lastKnownFileType = wrapper.framework; path = Fabric.framework; sourceTree = "<group>"; };
		2B6F34021E763D5D00AAE84A /* Crashlytics.framework */ = {isa = PBXFileReference; lastKnownFileType = wrapper.framework; path = Crashlytics.framework; sourceTree = "<group>"; };
		2B735A271E792B0F00CBA4A2 /* LoadResouse-Bridging-Header.h */ = {isa = PBXFileReference; lastKnownFileType = sourcecode.c.h; path = "LoadResouse-Bridging-Header.h"; sourceTree = "<group>"; };
		2B735A281E792B0F00CBA4A2 /* SwiftViewController.swift */ = {isa = PBXFileReference; fileEncoding = 4; lastKnownFileType = sourcecode.swift; path = SwiftViewController.swift; sourceTree = "<group>"; };
		2B735A2A1E7935E100CBA4A2 /* Alamofire.framework */ = {isa = PBXFileReference; lastKnownFileType = wrapper.framework; name = Alamofire.framework; path = Carthage/Build/iOS/Alamofire.framework; sourceTree = "<group>"; };
		2B735A2B1E7935E100CBA4A2 /* Cartography.framework */ = {isa = PBXFileReference; lastKnownFileType = wrapper.framework; name = Cartography.framework; path = Carthage/Build/iOS/Cartography.framework; sourceTree = "<group>"; };
		2B735A2C1E7935E100CBA4A2 /* Locksmith.framework */ = {isa = PBXFileReference; lastKnownFileType = wrapper.framework; name = Locksmith.framework; path = Carthage/Build/iOS/Locksmith.framework; sourceTree = "<group>"; };
		2B735A2D1E7935E100CBA4A2 /* MonkeyKing.framework */ = {isa = PBXFileReference; lastKnownFileType = wrapper.framework; name = MonkeyKing.framework; path = Carthage/Build/iOS/MonkeyKing.framework; sourceTree = "<group>"; };
		2B735A2E1E7935E100CBA4A2 /* ObjectMapper.framework */ = {isa = PBXFileReference; lastKnownFileType = wrapper.framework; name = ObjectMapper.framework; path = Carthage/Build/iOS/ObjectMapper.framework; sourceTree = "<group>"; };
		2B735A2F1E7935E100CBA4A2 /* Reachability.framework */ = {isa = PBXFileReference; lastKnownFileType = wrapper.framework; name = Reachability.framework; path = Carthage/Build/iOS/Reachability.framework; sourceTree = "<group>"; };
		2BAE32121E52F5BF00E74F3F /* IJKMediaFramework.framework */ = {isa = PBXFileReference; lastKnownFileType = wrapper.framework; name = IJKMediaFramework.framework; path = ../../jtk/IJKMediaFramework.framework; sourceTree = "<group>"; };
		2BBC6B971E793DB600E0458C /* BlueTouchViewController.swift */ = {isa = PBXFileReference; fileEncoding = 4; lastKnownFileType = sourcecode.swift; path = BlueTouchViewController.swift; sourceTree = "<group>"; };
		2BBC6B991E794C6A00E0458C /* LoadResouse.entitlements */ = {isa = PBXFileReference; lastKnownFileType = text.plist.entitlements; path = LoadResouse.entitlements; sourceTree = "<group>"; };
		2BBC6B9B1E7A699000E0458C /* JSViewController.swift */ = {isa = PBXFileReference; fileEncoding = 4; lastKnownFileType = sourcecode.swift; path = JSViewController.swift; sourceTree = "<group>"; };
		2BBC6B9F1E7A820B00E0458C /* test.html */ = {isa = PBXFileReference; fileEncoding = 4; lastKnownFileType = text.html; path = test.html; sourceTree = "<group>"; };
		2BBC6BA11E7A9C2000E0458C /* AccountManager.swift */ = {isa = PBXFileReference; fileEncoding = 4; lastKnownFileType = sourcecode.swift; path = AccountManager.swift; sourceTree = "<group>"; };
		2BBC6BA41E7BAB3700E0458C /* PPTestViewController.swift */ = {isa = PBXFileReference; fileEncoding = 4; lastKnownFileType = sourcecode.swift; path = PPTestViewController.swift; sourceTree = "<group>"; };
		66F1DE8C89C2F6441F3DB5CC /* Pods.release.xcconfig */ = {isa = PBXFileReference; includeInIndex = 1; lastKnownFileType = text.xcconfig; name = Pods.release.xcconfig; path = "Pods/Target Support Files/Pods/Pods.release.xcconfig"; sourceTree = "<group>"; };
		69A0DAB4BE8747228BC49F6E /* libPods.a */ = {isa = PBXFileReference; explicitFileType = archive.ar; includeInIndex = 0; path = libPods.a; sourceTree = BUILT_PRODUCTS_DIR; };
		CE106CC11D7EA5E600C7F181 /* LoadResouse.app */ = {isa = PBXFileReference; explicitFileType = wrapper.application; includeInIndex = 0; path = LoadResouse.app; sourceTree = BUILT_PRODUCTS_DIR; };
		CE106CC51D7EA5E600C7F181 /* main.m */ = {isa = PBXFileReference; lastKnownFileType = sourcecode.c.objc; path = main.m; sourceTree = "<group>"; };
		CE106CC71D7EA5E600C7F181 /* AppDelegate.h */ = {isa = PBXFileReference; lastKnownFileType = sourcecode.c.h; path = AppDelegate.h; sourceTree = "<group>"; };
		CE106CC81D7EA5E600C7F181 /* AppDelegate.m */ = {isa = PBXFileReference; lastKnownFileType = sourcecode.c.objc; path = AppDelegate.m; sourceTree = "<group>"; };
		CE106CCA1D7EA5E700C7F181 /* Assets.xcassets */ = {isa = PBXFileReference; lastKnownFileType = folder.assetcatalog; path = Assets.xcassets; sourceTree = "<group>"; };
		CE106CCD1D7EA5E700C7F181 /* Base */ = {isa = PBXFileReference; lastKnownFileType = file.storyboard; name = Base; path = Base.lproj/LaunchScreen.storyboard; sourceTree = "<group>"; };
		CE106CCF1D7EA5E700C7F181 /* Info.plist */ = {isa = PBXFileReference; lastKnownFileType = text.plist.xml; path = Info.plist; sourceTree = "<group>"; };
		CE106CDB1D7EA7C500C7F181 /* HomeViewController.h */ = {isa = PBXFileReference; fileEncoding = 4; lastKnownFileType = sourcecode.c.h; path = HomeViewController.h; sourceTree = "<group>"; };
		CE106CDC1D7EA7C500C7F181 /* HomeViewController.m */ = {isa = PBXFileReference; fileEncoding = 4; lastKnownFileType = sourcecode.c.objc; path = HomeViewController.m; sourceTree = "<group>"; };
		CE106CDF1D7EA8DA00C7F181 /* MyHtmlViewController.h */ = {isa = PBXFileReference; fileEncoding = 4; lastKnownFileType = sourcecode.c.h; path = MyHtmlViewController.h; sourceTree = "<group>"; };
		CE106CE01D7EA8DA00C7F181 /* MyHtmlViewController.m */ = {isa = PBXFileReference; fileEncoding = 4; lastKnownFileType = sourcecode.c.objc; path = MyHtmlViewController.m; sourceTree = "<group>"; };
		CE106CE11D7EA8DA00C7F181 /* PlayerViewController.h */ = {isa = PBXFileReference; fileEncoding = 4; lastKnownFileType = sourcecode.c.h; path = PlayerViewController.h; sourceTree = "<group>"; };
		CE106CE21D7EA8DA00C7F181 /* PlayerViewController.m */ = {isa = PBXFileReference; fileEncoding = 4; lastKnownFileType = sourcecode.c.objc; path = PlayerViewController.m; sourceTree = "<group>"; };
		CE106CE31D7EA8DA00C7F181 /* RECommonFunctions.h */ = {isa = PBXFileReference; fileEncoding = 4; lastKnownFileType = sourcecode.c.h; path = RECommonFunctions.h; sourceTree = "<group>"; };
		CE106CE41D7EA8DA00C7F181 /* RECommonFunctions.m */ = {isa = PBXFileReference; fileEncoding = 4; lastKnownFileType = sourcecode.c.objc; path = RECommonFunctions.m; sourceTree = "<group>"; };
		CE106CE51D7EA8DA00C7F181 /* RESideMenu.h */ = {isa = PBXFileReference; fileEncoding = 4; lastKnownFileType = sourcecode.c.h; path = RESideMenu.h; sourceTree = "<group>"; };
		CE106CE61D7EA8DA00C7F181 /* RESideMenu.m */ = {isa = PBXFileReference; fileEncoding = 4; lastKnownFileType = sourcecode.c.objc; path = RESideMenu.m; sourceTree = "<group>"; };
		CE106CE71D7EA8DA00C7F181 /* TableViewController.h */ = {isa = PBXFileReference; fileEncoding = 4; lastKnownFileType = sourcecode.c.h; path = TableViewController.h; sourceTree = "<group>"; };
		CE106CE81D7EA8DA00C7F181 /* TableViewController.m */ = {isa = PBXFileReference; fileEncoding = 4; lastKnownFileType = sourcecode.c.objc; path = TableViewController.m; sourceTree = "<group>"; };
		CE106CE91D7EA8DA00C7F181 /* TestViewController.h */ = {isa = PBXFileReference; fileEncoding = 4; lastKnownFileType = sourcecode.c.h; path = TestViewController.h; sourceTree = "<group>"; };
		CE106CEA1D7EA8DA00C7F181 /* TestViewController.m */ = {isa = PBXFileReference; fileEncoding = 4; lastKnownFileType = sourcecode.c.objc; path = TestViewController.m; sourceTree = "<group>"; };
		CE106CEB1D7EA8DA00C7F181 /* TestViewController.xib */ = {isa = PBXFileReference; fileEncoding = 4; lastKnownFileType = file.xib; path = TestViewController.xib; sourceTree = "<group>"; };
		CE106CEC1D7EA8DA00C7F181 /* UIViewController+RESideMenu.h */ = {isa = PBXFileReference; fileEncoding = 4; lastKnownFileType = sourcecode.c.h; path = "UIViewController+RESideMenu.h"; sourceTree = "<group>"; };
		CE106CED1D7EA8DA00C7F181 /* UIViewController+RESideMenu.m */ = {isa = PBXFileReference; fileEncoding = 4; lastKnownFileType = sourcecode.c.objc; path = "UIViewController+RESideMenu.m"; sourceTree = "<group>"; };
		CE106CF61D7EA91F00C7F181 /* LoadResouse-Prefix.pch */ = {isa = PBXFileReference; lastKnownFileType = sourcecode.c.h; path = "LoadResouse-Prefix.pch"; sourceTree = "<group>"; };
		CE106CF81D7EAA3200C7F181 /* LeftViewController.h */ = {isa = PBXFileReference; fileEncoding = 4; lastKnownFileType = sourcecode.c.h; path = LeftViewController.h; sourceTree = "<group>"; };
		CE106CF91D7EAA3200C7F181 /* LeftViewController.m */ = {isa = PBXFileReference; fileEncoding = 4; lastKnownFileType = sourcecode.c.objc; path = LeftViewController.m; sourceTree = "<group>"; };
		CE106CFF1D7EAEDA00C7F181 /* TableFatherViewController.h */ = {isa = PBXFileReference; fileEncoding = 4; lastKnownFileType = sourcecode.c.h; path = TableFatherViewController.h; sourceTree = "<group>"; };
		CE106D001D7EAEDA00C7F181 /* TableFatherViewController.m */ = {isa = PBXFileReference; fileEncoding = 4; lastKnownFileType = sourcecode.c.objc; path = TableFatherViewController.m; sourceTree = "<group>"; };
		CE106D031D7EB56100C7F181 /* MoreToolViewController.h */ = {isa = PBXFileReference; fileEncoding = 4; lastKnownFileType = sourcecode.c.h; path = MoreToolViewController.h; sourceTree = "<group>"; };
		CE106D041D7EB56100C7F181 /* MoreToolViewController.m */ = {isa = PBXFileReference; fileEncoding = 4; lastKnownFileType = sourcecode.c.objc; path = MoreToolViewController.m; sourceTree = "<group>"; };
		CE106D0B1D7EBF7B00C7F181 /* XTGNViewController.h */ = {isa = PBXFileReference; fileEncoding = 4; lastKnownFileType = sourcecode.c.h; path = XTGNViewController.h; sourceTree = "<group>"; };
		CE106D0C1D7EBF7B00C7F181 /* XTGNViewController.m */ = {isa = PBXFileReference; fileEncoding = 4; lastKnownFileType = sourcecode.c.objc; path = XTGNViewController.m; sourceTree = "<group>"; };
		CE106D101D7FBD0400C7F181 /* GlobalDefine.h */ = {isa = PBXFileReference; fileEncoding = 4; lastKnownFileType = sourcecode.c.h; path = GlobalDefine.h; sourceTree = "<group>"; };
		CE191E171D95308300B9D8E4 /* AQYXQViewController.h */ = {isa = PBXFileReference; fileEncoding = 4; lastKnownFileType = sourcecode.c.h; path = AQYXQViewController.h; sourceTree = "<group>"; };
		CE191E181D95308300B9D8E4 /* AQYXQViewController.m */ = {isa = PBXFileReference; fileEncoding = 4; lastKnownFileType = sourcecode.c.objc; path = AQYXQViewController.m; sourceTree = "<group>"; };
		CE268A1C1DAC9FB80021AA00 /* AudioToolbox.framework */ = {isa = PBXFileReference; lastKnownFileType = wrapper.framework; name = AudioToolbox.framework; path = System/Library/Frameworks/AudioToolbox.framework; sourceTree = SDKROOT; };
		CE268A1E1DACB8270021AA00 /* CoreMotion.framework */ = {isa = PBXFileReference; lastKnownFileType = wrapper.framework; name = CoreMotion.framework; path = System/Library/Frameworks/CoreMotion.framework; sourceTree = SDKROOT; };
		CE268A201DACB83D0021AA00 /* CoreMedia.framework */ = {isa = PBXFileReference; lastKnownFileType = wrapper.framework; name = CoreMedia.framework; path = System/Library/Frameworks/CoreMedia.framework; sourceTree = SDKROOT; };
		CE268A221DACB8550021AA00 /* VideoToolbox.framework */ = {isa = PBXFileReference; lastKnownFileType = wrapper.framework; name = VideoToolbox.framework; path = System/Library/Frameworks/VideoToolbox.framework; sourceTree = SDKROOT; };
		CE268A241DACB8830021AA00 /* AgoraAudioKit.framework */ = {isa = PBXFileReference; lastKnownFileType = wrapper.framework; name = AgoraAudioKit.framework; path = ../../../Downloads/Agora_Native_SDK_for_iOS_v1_6_1_VOICE/libs/AgoraAudioKit.framework; sourceTree = "<group>"; };
		CE268A261DACB8CF0021AA00 /* AgoraAudioKit.framework */ = {isa = PBXFileReference; lastKnownFileType = wrapper.framework; path = AgoraAudioKit.framework; sourceTree = "<group>"; };
		CE31970D1D99200B006D2C42 /* SetingTableViewController.h */ = {isa = PBXFileReference; fileEncoding = 4; lastKnownFileType = sourcecode.c.h; path = SetingTableViewController.h; sourceTree = "<group>"; };
		CE31970E1D99200B006D2C42 /* SetingTableViewController.m */ = {isa = PBXFileReference; fileEncoding = 4; lastKnownFileType = sourcecode.c.objc; path = SetingTableViewController.m; sourceTree = "<group>"; };
		CE3197111D992060006D2C42 /* SettingTableViewCell.h */ = {isa = PBXFileReference; fileEncoding = 4; lastKnownFileType = sourcecode.c.h; path = SettingTableViewCell.h; sourceTree = "<group>"; };
		CE3197121D992060006D2C42 /* SettingTableViewCell.m */ = {isa = PBXFileReference; fileEncoding = 4; lastKnownFileType = sourcecode.c.objc; path = SettingTableViewCell.m; sourceTree = "<group>"; };
		CE3197131D992060006D2C42 /* SettingTableViewCell.xib */ = {isa = PBXFileReference; fileEncoding = 4; lastKnownFileType = file.xib; path = SettingTableViewCell.xib; sourceTree = "<group>"; };
		CE34F0391D9141790018ABDC /* Security.framework */ = {isa = PBXFileReference; lastKnownFileType = wrapper.framework; name = Security.framework; path = System/Library/Frameworks/Security.framework; sourceTree = SDKROOT; };
		CE34F03B1D91418D0018ABDC /* libiconv.tbd */ = {isa = PBXFileReference; lastKnownFileType = "sourcecode.text-based-dylib-definition"; name = libiconv.tbd; path = usr/lib/libiconv.tbd; sourceTree = SDKROOT; };
		CE34F03D1D9141980018ABDC /* SystemConfiguration.framework */ = {isa = PBXFileReference; lastKnownFileType = wrapper.framework; name = SystemConfiguration.framework; path = System/Library/Frameworks/SystemConfiguration.framework; sourceTree = SDKROOT; };
		CE34F03F1D9141A40018ABDC /* CoreGraphics.framework */ = {isa = PBXFileReference; lastKnownFileType = wrapper.framework; name = CoreGraphics.framework; path = System/Library/Frameworks/CoreGraphics.framework; sourceTree = SDKROOT; };
		CE34F0411D9141BD0018ABDC /* libsqlite3.tbd */ = {isa = PBXFileReference; lastKnownFileType = "sourcecode.text-based-dylib-definition"; name = libsqlite3.tbd; path = usr/lib/libsqlite3.tbd; sourceTree = SDKROOT; };
		CE34F0431D9141C90018ABDC /* CoreTelephony.framework */ = {isa = PBXFileReference; lastKnownFileType = wrapper.framework; name = CoreTelephony.framework; path = System/Library/Frameworks/CoreTelephony.framework; sourceTree = SDKROOT; };
		CE34F0451D9141D40018ABDC /* libstdc++.tbd */ = {isa = PBXFileReference; lastKnownFileType = "sourcecode.text-based-dylib-definition"; name = "libstdc++.tbd"; path = "usr/lib/libstdc++.tbd"; sourceTree = SDKROOT; };
		CE34F0471D9141E20018ABDC /* libz.tbd */ = {isa = PBXFileReference; lastKnownFileType = "sourcecode.text-based-dylib-definition"; name = libz.tbd; path = usr/lib/libz.tbd; sourceTree = SDKROOT; };
		CE4B8F641D87DA3400D9C1BE /* hahha */ = {isa = PBXFileReference; fileEncoding = 4; lastKnownFileType = text; path = hahha; sourceTree = "<group>"; };
		CE4B8F6D1D87F0A800D9C1BE /* MyHeadView.h */ = {isa = PBXFileReference; fileEncoding = 4; lastKnownFileType = sourcecode.c.h; path = MyHeadView.h; sourceTree = "<group>"; };
		CE4B8F6E1D87F0A800D9C1BE /* MyHeadView.m */ = {isa = PBXFileReference; fileEncoding = 4; lastKnownFileType = sourcecode.c.objc; path = MyHeadView.m; sourceTree = "<group>"; };
		CE4B8F6F1D87F0A800D9C1BE /* MyHeadView.xib */ = {isa = PBXFileReference; fileEncoding = 4; lastKnownFileType = file.xib; path = MyHeadView.xib; sourceTree = "<group>"; };
		CE4B8F731D88E28900D9C1BE /* LoadDataBaisiControl.h */ = {isa = PBXFileReference; fileEncoding = 4; lastKnownFileType = sourcecode.c.h; path = LoadDataBaisiControl.h; sourceTree = "<group>"; };
		CE4B8F741D88E28900D9C1BE /* LoadDataBaisiControl.m */ = {isa = PBXFileReference; fileEncoding = 4; lastKnownFileType = sourcecode.c.objc; path = LoadDataBaisiControl.m; sourceTree = "<group>"; };
		CE5E7DC21DAB45EA00E8DC6A /* TelAddressViewController.h */ = {isa = PBXFileReference; fileEncoding = 4; lastKnownFileType = sourcecode.c.h; path = TelAddressViewController.h; sourceTree = "<group>"; };
		CE5E7DC31DAB45EA00E8DC6A /* TelAddressViewController.m */ = {isa = PBXFileReference; fileEncoding = 4; lastKnownFileType = sourcecode.c.objc; path = TelAddressViewController.m; sourceTree = "<group>"; };
		CE638E931D800B3D00D7720C /* BaiSiDJViewController.h */ = {isa = PBXFileReference; fileEncoding = 4; lastKnownFileType = sourcecode.c.h; path = BaiSiDJViewController.h; sourceTree = "<group>"; };
		CE638E941D800B3D00D7720C /* BaiSiDJViewController.m */ = {isa = PBXFileReference; fileEncoding = 4; lastKnownFileType = sourcecode.c.objc; path = BaiSiDJViewController.m; sourceTree = "<group>"; };
		CE638E961D800B6200D7720C /* BaiSiBDJCell.h */ = {isa = PBXFileReference; fileEncoding = 4; lastKnownFileType = sourcecode.c.h; path = BaiSiBDJCell.h; sourceTree = "<group>"; };
		CE638E971D800B6200D7720C /* BaiSiBDJCell.m */ = {isa = PBXFileReference; fileEncoding = 4; lastKnownFileType = sourcecode.c.objc; path = BaiSiBDJCell.m; sourceTree = "<group>"; };
		CE638E981D800B6200D7720C /* BaiSiBDJCell.xib */ = {isa = PBXFileReference; fileEncoding = 4; lastKnownFileType = file.xib; path = BaiSiBDJCell.xib; sourceTree = "<group>"; };
		CE638E9C1D800BA600D7720C /* FatherModel.h */ = {isa = PBXFileReference; fileEncoding = 4; lastKnownFileType = sourcecode.c.h; path = FatherModel.h; sourceTree = "<group>"; };
		CE638E9D1D800BA600D7720C /* FatherModel.m */ = {isa = PBXFileReference; fileEncoding = 4; lastKnownFileType = sourcecode.c.objc; path = FatherModel.m; sourceTree = "<group>"; };
		CE638E9F1D800BBD00D7720C /* BaiSiBDJModel.h */ = {isa = PBXFileReference; fileEncoding = 4; lastKnownFileType = sourcecode.c.h; path = BaiSiBDJModel.h; sourceTree = "<group>"; };
		CE638EA01D800BBD00D7720C /* BaiSiBDJModel.m */ = {isa = PBXFileReference; fileEncoding = 4; lastKnownFileType = sourcecode.c.objc; path = BaiSiBDJModel.m; sourceTree = "<group>"; };
		CE638EA31D80102200D7720C /* TitleModel.h */ = {isa = PBXFileReference; fileEncoding = 4; lastKnownFileType = sourcecode.c.h; path = TitleModel.h; sourceTree = "<group>"; };
		CE638EA41D80102200D7720C /* TitleModel.m */ = {isa = PBXFileReference; fileEncoding = 4; lastKnownFileType = sourcecode.c.objc; path = TitleModel.m; sourceTree = "<group>"; };
		CE638EA71D801C4900D7720C /* LoadDataController.h */ = {isa = PBXFileReference; fileEncoding = 4; lastKnownFileType = sourcecode.c.h; path = LoadDataController.h; sourceTree = "<group>"; };
		CE638EA81D801C4900D7720C /* LoadDataController.m */ = {isa = PBXFileReference; fileEncoding = 4; lastKnownFileType = sourcecode.c.objc; path = LoadDataController.m; sourceTree = "<group>"; };
		CE638EAB1D81106000D7720C /* BaiSiBDJDataController.h */ = {isa = PBXFileReference; fileEncoding = 4; lastKnownFileType = sourcecode.c.h; path = BaiSiBDJDataController.h; sourceTree = "<group>"; };
		CE638EAC1D81106000D7720C /* BaiSiBDJDataController.m */ = {isa = PBXFileReference; fileEncoding = 4; lastKnownFileType = sourcecode.c.objc; path = BaiSiBDJDataController.m; sourceTree = "<group>"; };
		CE638EB01D828DA900D7720C /* FenLeiViewController.h */ = {isa = PBXFileReference; fileEncoding = 4; lastKnownFileType = sourcecode.c.h; path = FenLeiViewController.h; sourceTree = "<group>"; };
		CE638EB11D828DA900D7720C /* FenLeiViewController.m */ = {isa = PBXFileReference; fileEncoding = 4; lastKnownFileType = sourcecode.c.objc; path = FenLeiViewController.m; sourceTree = "<group>"; };
		CE638EB41D82BE0900D7720C /* FenleiCell.h */ = {isa = PBXFileReference; fileEncoding = 4; lastKnownFileType = sourcecode.c.h; path = FenleiCell.h; sourceTree = "<group>"; };
		CE638EB51D82BE0900D7720C /* FenleiCell.m */ = {isa = PBXFileReference; fileEncoding = 4; lastKnownFileType = sourcecode.c.objc; path = FenleiCell.m; sourceTree = "<group>"; };
		CE638EB61D82BE0900D7720C /* FenleiCell.xib */ = {isa = PBXFileReference; fileEncoding = 4; lastKnownFileType = file.xib; path = FenleiCell.xib; sourceTree = "<group>"; };
		CE6CC59D1DAF843600BDE875 /* TextViewController.h */ = {isa = PBXFileReference; fileEncoding = 4; lastKnownFileType = sourcecode.c.h; path = TextViewController.h; sourceTree = "<group>"; };
		CE6CC59E1DAF843600BDE875 /* TextViewController.m */ = {isa = PBXFileReference; fileEncoding = 4; lastKnownFileType = sourcecode.c.objc; path = TextViewController.m; sourceTree = "<group>"; };
		CE885EC21D93910A00CB22D0 /* LoadDataBaiSiPLControl.h */ = {isa = PBXFileReference; fileEncoding = 4; lastKnownFileType = sourcecode.c.h; path = LoadDataBaiSiPLControl.h; sourceTree = "<group>"; };
		CE885EC31D93910A00CB22D0 /* LoadDataBaiSiPLControl.m */ = {isa = PBXFileReference; fileEncoding = 4; lastKnownFileType = sourcecode.c.objc; path = LoadDataBaiSiPLControl.m; sourceTree = "<group>"; };
		CE885EC61D9398FC00CB22D0 /* PLModel.h */ = {isa = PBXFileReference; fileEncoding = 4; lastKnownFileType = sourcecode.c.h; path = PLModel.h; sourceTree = "<group>"; };
		CE885EC71D9398FC00CB22D0 /* PLModel.m */ = {isa = PBXFileReference; fileEncoding = 4; lastKnownFileType = sourcecode.c.objc; path = PLModel.m; sourceTree = "<group>"; };
		CE885ECD1D93D60500CB22D0 /* zh-Hans */ = {isa = PBXFileReference; lastKnownFileType = text.plist.strings; name = "zh-Hans"; path = "zh-Hans.lproj/LaunchScreen.strings"; sourceTree = "<group>"; };
		CE885ED21D93EE2C00CB22D0 /* AQYViewController.h */ = {isa = PBXFileReference; fileEncoding = 4; lastKnownFileType = sourcecode.c.h; path = AQYViewController.h; sourceTree = "<group>"; };
		CE885ED31D93EE2C00CB22D0 /* AQYViewController.m */ = {isa = PBXFileReference; fileEncoding = 4; lastKnownFileType = sourcecode.c.objc; path = AQYViewController.m; sourceTree = "<group>"; };
		CE885ED61D93EF0700CB22D0 /* AQYLoadDataControl.h */ = {isa = PBXFileReference; fileEncoding = 4; lastKnownFileType = sourcecode.c.h; path = AQYLoadDataControl.h; sourceTree = "<group>"; };
		CE885ED71D93EF0700CB22D0 /* AQYLoadDataControl.m */ = {isa = PBXFileReference; fileEncoding = 4; lastKnownFileType = sourcecode.c.objc; path = AQYLoadDataControl.m; sourceTree = "<group>"; };
		CE885EDA1D94CE5600CB22D0 /* libWeChatSDK.a */ = {isa = PBXFileReference; lastKnownFileType = archive.ar; path = libWeChatSDK.a; sourceTree = "<group>"; };
		CE885EDB1D94CE5600CB22D0 /* WXApi.h */ = {isa = PBXFileReference; fileEncoding = 4; lastKnownFileType = sourcecode.c.h; path = WXApi.h; sourceTree = "<group>"; };
		CE885EDC1D94CE5600CB22D0 /* WXApiObject.h */ = {isa = PBXFileReference; fileEncoding = 4; lastKnownFileType = sourcecode.c.h; path = WXApiObject.h; sourceTree = "<group>"; };
		CE885EDE1D94CED700CB22D0 /* WechatAuthSDK.h */ = {isa = PBXFileReference; fileEncoding = 4; lastKnownFileType = sourcecode.c.h; path = WechatAuthSDK.h; sourceTree = "<group>"; };
		CE885EDF1D94D23400CB22D0 /* libsqlite3.0.tbd */ = {isa = PBXFileReference; lastKnownFileType = "sourcecode.text-based-dylib-definition"; name = libsqlite3.0.tbd; path = usr/lib/libsqlite3.0.tbd; sourceTree = SDKROOT; };
		CE885EE11D94D24E00CB22D0 /* libc++.tbd */ = {isa = PBXFileReference; lastKnownFileType = "sourcecode.text-based-dylib-definition"; name = "libc++.tbd"; path = "usr/lib/libc++.tbd"; sourceTree = SDKROOT; };
		CEA184461D9004AA001B04DC /* XQViewController.h */ = {isa = PBXFileReference; fileEncoding = 4; lastKnownFileType = sourcecode.c.h; path = XQViewController.h; sourceTree = "<group>"; };
		CEA184471D9004AA001B04DC /* XQViewController.m */ = {isa = PBXFileReference; fileEncoding = 4; lastKnownFileType = sourcecode.c.objc; path = XQViewController.m; sourceTree = "<group>"; };
		CEA713771D9A565600F5FCC3 /* AVPlayerVideoViewController.h */ = {isa = PBXFileReference; fileEncoding = 4; lastKnownFileType = sourcecode.c.h; path = AVPlayerVideoViewController.h; sourceTree = "<group>"; };
		CEA713781D9A565600F5FCC3 /* AVPlayerVideoViewController.m */ = {isa = PBXFileReference; fileEncoding = 4; lastKnownFileType = sourcecode.c.objc; path = AVPlayerVideoViewController.m; sourceTree = "<group>"; };
		CEA7137B1D9A677500F5FCC3 /* VideoButtonView.h */ = {isa = PBXFileReference; fileEncoding = 4; lastKnownFileType = sourcecode.c.h; path = VideoButtonView.h; sourceTree = "<group>"; };
		CEA7137C1D9A677500F5FCC3 /* VideoButtonView.m */ = {isa = PBXFileReference; fileEncoding = 4; lastKnownFileType = sourcecode.c.objc; path = VideoButtonView.m; sourceTree = "<group>"; };
		CEA7137E1D9A679900F5FCC3 /* VideoButtonView.xib */ = {isa = PBXFileReference; fileEncoding = 4; lastKnownFileType = file.xib; path = VideoButtonView.xib; sourceTree = "<group>"; };
		CEA803341DA8F63F006C6717 /* MMYGViewController.h */ = {isa = PBXFileReference; fileEncoding = 4; lastKnownFileType = sourcecode.c.h; path = MMYGViewController.h; sourceTree = "<group>"; };
		CEA803351DA8F63F006C6717 /* MMYGViewController.m */ = {isa = PBXFileReference; fileEncoding = 4; lastKnownFileType = sourcecode.c.objc; path = MMYGViewController.m; sourceTree = "<group>"; };
		CEA803371DA9E488006C6717 /* Chart.js */ = {isa = PBXFileReference; lastKnownFileType = sourcecode.javascript; name = Chart.js; path = Pods/TWRCharts/TWRCharts/Chart.js; sourceTree = "<group>"; };
		CEA803381DA9E488006C6717 /* index.html */ = {isa = PBXFileReference; lastKnownFileType = text.html; name = index.html; path = Pods/TWRCharts/TWRCharts/index.html; sourceTree = "<group>"; };
		CEA8033C1DA9E5C7006C6717 /* ChartViewController.h */ = {isa = PBXFileReference; fileEncoding = 4; lastKnownFileType = sourcecode.c.h; path = ChartViewController.h; sourceTree = "<group>"; };
		CEA8033D1DA9E5C7006C6717 /* ChartViewController.m */ = {isa = PBXFileReference; fileEncoding = 4; lastKnownFileType = sourcecode.c.objc; path = ChartViewController.m; sourceTree = "<group>"; };
		CEC1F9C11D9BA742007A555C /* AVFoundation.framework */ = {isa = PBXFileReference; lastKnownFileType = wrapper.framework; name = AVFoundation.framework; path = System/Library/Frameworks/AVFoundation.framework; sourceTree = SDKROOT; };
		CED4BCAC1D9A117E0096E842 /* XLKKViewController.h */ = {isa = PBXFileReference; fileEncoding = 4; lastKnownFileType = sourcecode.c.h; path = XLKKViewController.h; sourceTree = "<group>"; };
		CED4BCAD1D9A117E0096E842 /* XLKKViewController.m */ = {isa = PBXFileReference; fileEncoding = 4; lastKnownFileType = sourcecode.c.objc; path = XLKKViewController.m; sourceTree = "<group>"; };
		CED4BCB11D9A12C50096E842 /* XLTableViewCell.h */ = {isa = PBXFileReference; fileEncoding = 4; lastKnownFileType = sourcecode.c.h; path = XLTableViewCell.h; sourceTree = "<group>"; };
		CED4BCB21D9A12C50096E842 /* XLTableViewCell.m */ = {isa = PBXFileReference; fileEncoding = 4; lastKnownFileType = sourcecode.c.objc; path = XLTableViewCell.m; sourceTree = "<group>"; };
		CED4BCB31D9A12C50096E842 /* XLTableViewCell.xib */ = {isa = PBXFileReference; fileEncoding = 4; lastKnownFileType = file.xib; path = XLTableViewCell.xib; sourceTree = "<group>"; };
		CED4BCB71D9A14A30096E842 /* XLModel.h */ = {isa = PBXFileReference; fileEncoding = 4; lastKnownFileType = sourcecode.c.h; path = XLModel.h; sourceTree = "<group>"; };
		CED4BCB81D9A14A30096E842 /* XLModel.m */ = {isa = PBXFileReference; fileEncoding = 4; lastKnownFileType = sourcecode.c.objc; path = XLModel.m; sourceTree = "<group>"; };
		CED4BCBA1D9A181F0096E842 /* NSObject+SBData.h */ = {isa = PBXFileReference; fileEncoding = 4; lastKnownFileType = sourcecode.c.h; path = "NSObject+SBData.h"; sourceTree = "<group>"; };
		CED4BCBB1D9A181F0096E842 /* NSObject+SBData.m */ = {isa = PBXFileReference; fileEncoding = 4; lastKnownFileType = sourcecode.c.objc; path = "NSObject+SBData.m"; sourceTree = "<group>"; };
		CED4BCBE1D9A19E50096E842 /* XLLoadDataController.h */ = {isa = PBXFileReference; fileEncoding = 4; lastKnownFileType = sourcecode.c.h; path = XLLoadDataController.h; sourceTree = "<group>"; };
		CED4BCBF1D9A19E50096E842 /* XLLoadDataController.m */ = {isa = PBXFileReference; fileEncoding = 4; lastKnownFileType = sourcecode.c.objc; path = XLLoadDataController.m; sourceTree = "<group>"; };
		CED4BCC21D9A2DCB0096E842 /* XLVideoModel.h */ = {isa = PBXFileReference; fileEncoding = 4; lastKnownFileType = sourcecode.c.h; path = XLVideoModel.h; sourceTree = "<group>"; };
		CED4BCC31D9A2DCB0096E842 /* XLVideoModel.m */ = {isa = PBXFileReference; fileEncoding = 4; lastKnownFileType = sourcecode.c.objc; path = XLVideoModel.m; sourceTree = "<group>"; };
		CED719951D8F93E000A35F04 /* BSBDJTableViewCell.h */ = {isa = PBXFileReference; fileEncoding = 4; lastKnownFileType = sourcecode.c.h; path = BSBDJTableViewCell.h; sourceTree = "<group>"; };
		CED719961D8F93E000A35F04 /* BSBDJTableViewCell.m */ = {isa = PBXFileReference; fileEncoding = 4; lastKnownFileType = sourcecode.c.objc; path = BSBDJTableViewCell.m; sourceTree = "<group>"; wrapsLines = 0; };
		CEEA68821D9292BE00017A2A /* ShearView.h */ = {isa = PBXFileReference; fileEncoding = 4; lastKnownFileType = sourcecode.c.h; path = ShearView.h; sourceTree = "<group>"; };
		CEEA68831D9292BE00017A2A /* ShearView.m */ = {isa = PBXFileReference; fileEncoding = 4; lastKnownFileType = sourcecode.c.objc; path = ShearView.m; sourceTree = "<group>"; };
		CEF21BF61D950CEB006B2BCC /* VideoCollectionViewCell.h */ = {isa = PBXFileReference; fileEncoding = 4; lastKnownFileType = sourcecode.c.h; path = VideoCollectionViewCell.h; sourceTree = "<group>"; };
		CEF21BF71D950CEB006B2BCC /* VideoCollectionViewCell.m */ = {isa = PBXFileReference; fileEncoding = 4; lastKnownFileType = sourcecode.c.objc; path = VideoCollectionViewCell.m; sourceTree = "<group>"; };
		CEF21BF81D950CEB006B2BCC /* VideoCollectionViewCell.xib */ = {isa = PBXFileReference; fileEncoding = 4; lastKnownFileType = file.xib; path = VideoCollectionViewCell.xib; sourceTree = "<group>"; };
/* End PBXFileReference section */

/* Begin PBXFrameworksBuildPhase section */
		CE106CBE1D7EA5E600C7F181 /* Frameworks */ = {
			isa = PBXFrameworksBuildPhase;
			buildActionMask = 2147483647;
			files = (
				2B735A301E7935E100CBA4A2 /* Alamofire.framework in Frameworks */,
				2B735A311E7935E100CBA4A2 /* Cartography.framework in Frameworks */,
				2B735A321E7935E100CBA4A2 /* Locksmith.framework in Frameworks */,
				2B735A331E7935E100CBA4A2 /* MonkeyKing.framework in Frameworks */,
				2B735A341E7935E100CBA4A2 /* ObjectMapper.framework in Frameworks */,
				2B735A351E7935E100CBA4A2 /* Reachability.framework in Frameworks */,
				CE268A251DACB8830021AA00 /* AgoraAudioKit.framework in Frameworks */,
				CE268A231DACB8550021AA00 /* VideoToolbox.framework in Frameworks */,
				CE268A211DACB83D0021AA00 /* CoreMedia.framework in Frameworks */,
				CE268A1F1DACB8270021AA00 /* CoreMotion.framework in Frameworks */,
				CE268A1D1DAC9FB80021AA00 /* AudioToolbox.framework in Frameworks */,
				CEC1F9C21D9BA742007A555C /* AVFoundation.framework in Frameworks */,
				CE34F0441D9141C90018ABDC /* CoreTelephony.framework in Frameworks */,
				CE885EE21D94D24E00CB22D0 /* libc++.tbd in Frameworks */,
				CE885EE01D94D23400CB22D0 /* libsqlite3.0.tbd in Frameworks */,
				CE34F0481D9141E20018ABDC /* libz.tbd in Frameworks */,
				CE34F0461D9141D40018ABDC /* libstdc++.tbd in Frameworks */,
				2B6F34031E763D5D00AAE84A /* Fabric.framework in Frameworks */,
				CE268A271DACB8CF0021AA00 /* AgoraAudioKit.framework in Frameworks */,
				2B6F34041E763D5D00AAE84A /* Crashlytics.framework in Frameworks */,
				CE34F0421D9141BD0018ABDC /* libsqlite3.tbd in Frameworks */,
				CE885EDD1D94CE5600CB22D0 /* libWeChatSDK.a in Frameworks */,
				CE34F0401D9141A40018ABDC /* CoreGraphics.framework in Frameworks */,
				CE34F03E1D9141980018ABDC /* SystemConfiguration.framework in Frameworks */,
				CE34F03C1D91418D0018ABDC /* libiconv.tbd in Frameworks */,
				CE34F03A1D9141790018ABDC /* Security.framework in Frameworks */,
				D479882B13F24A3692C724E7 /* libPods.a in Frameworks */,
			);
			runOnlyForDeploymentPostprocessing = 0;
		};
/* End PBXFrameworksBuildPhase section */

/* Begin PBXGroup section */
		0E20DF4D935D4331BA17581A /* Frameworks */ = {
			isa = PBXGroup;
			children = (
				2B735A2A1E7935E100CBA4A2 /* Alamofire.framework */,
				2B735A2B1E7935E100CBA4A2 /* Cartography.framework */,
				2B735A2C1E7935E100CBA4A2 /* Locksmith.framework */,
				2B735A2D1E7935E100CBA4A2 /* MonkeyKing.framework */,
				2B735A2E1E7935E100CBA4A2 /* ObjectMapper.framework */,
				2B735A2F1E7935E100CBA4A2 /* Reachability.framework */,
				2BAE32121E52F5BF00E74F3F /* IJKMediaFramework.framework */,
				CE268A241DACB8830021AA00 /* AgoraAudioKit.framework */,
				CE268A221DACB8550021AA00 /* VideoToolbox.framework */,
				CE268A201DACB83D0021AA00 /* CoreMedia.framework */,
				CE268A1E1DACB8270021AA00 /* CoreMotion.framework */,
				CE268A1C1DAC9FB80021AA00 /* AudioToolbox.framework */,
				CEC1F9C11D9BA742007A555C /* AVFoundation.framework */,
				CE885EE11D94D24E00CB22D0 /* libc++.tbd */,
				CE885EDF1D94D23400CB22D0 /* libsqlite3.0.tbd */,
				CE34F0471D9141E20018ABDC /* libz.tbd */,
				CE34F0451D9141D40018ABDC /* libstdc++.tbd */,
				CE34F0431D9141C90018ABDC /* CoreTelephony.framework */,
				CE34F0411D9141BD0018ABDC /* libsqlite3.tbd */,
				CE34F03F1D9141A40018ABDC /* CoreGraphics.framework */,
				CE34F03D1D9141980018ABDC /* SystemConfiguration.framework */,
				CE34F03B1D91418D0018ABDC /* libiconv.tbd */,
				CE34F0391D9141790018ABDC /* Security.framework */,
				69A0DAB4BE8747228BC49F6E /* libPods.a */,
			);
			name = Frameworks;
			sourceTree = "<group>";
		};
		2B1FC76F1E4C57E800014E19 /* BOYS */ = {
			isa = PBXGroup;
			children = (
				2B1FC77D1E4C64EB00014E19 /* LoadData */,
				2B1FC7701E4C582700014E19 /* BoysViewController.h */,
				2B1FC7711E4C582700014E19 /* BoysViewController.m */,
			);
			name = BOYS;
			sourceTree = "<group>";
		};
		2B1FC7731E4C585400014E19 /* BoysCell */ = {
			isa = PBXGroup;
			children = (
				2B1FC7741E4C587C00014E19 /* BoysCell.h */,
				2B1FC7751E4C587C00014E19 /* BoysCell.m */,
				2B1FC7761E4C587C00014E19 /* BoysCell.xib */,
			);
			name = BoysCell;
			sourceTree = "<group>";
		};
		2B1FC7791E4C588500014E19 /* BoysModel */ = {
			isa = PBXGroup;
			children = (
				2B1FC77A1E4C590200014E19 /* BoysModel.h */,
				2B1FC77B1E4C590200014E19 /* BoysModel.m */,
			);
			name = BoysModel;
			sourceTree = "<group>";
		};
		2B1FC77D1E4C64EB00014E19 /* LoadData */ = {
			isa = PBXGroup;
			children = (
				2B1FC77E1E4C653800014E19 /* BoysLoadDataController.h */,
				2B1FC77F1E4C653800014E19 /* BoysLoadDataController.m */,
			);
			name = LoadData;
			sourceTree = "<group>";
		};
		2B1FC7811E4C75DD00014E19 /* 网页公共展示 */ = {
			isa = PBXGroup;
			children = (
				2B1FC7821E4C760800014E19 /* WebViewController.h */,
				2B1FC7831E4C760800014E19 /* WebViewController.m */,
			);
			name = "网页公共展示";
			sourceTree = "<group>";
		};
		2B1FC7861E4D6A8F00014E19 /* 极客网 */ = {
			isa = PBXGroup;
			children = (
				2B1FC7871E4D6AF600014E19 /* LoadDate */,
				2B1FC7921E4D6BDC00014E19 /* JKViewController.h */,
				2B1FC7931E4D6BDC00014E19 /* JKViewController.m */,
				2B1FC7981E4DB0FF00014E19 /* JKCountentViewController.h */,
				2B1FC7991E4DB0FF00014E19 /* JKCountentViewController.m */,
				2B1FC7A21E4DCD8E00014E19 /* ContentViewController.h */,
				2B1FC7A31E4DCD8E00014E19 /* ContentViewController.m */,
			);
			name = "极客网";
			sourceTree = "<group>";
		};
		2B1FC7871E4D6AF600014E19 /* LoadDate */ = {
			isa = PBXGroup;
			children = (
				2B1FC7951E4D6C2100014E19 /* JKLoadDataController.h */,
				2B1FC7961E4D6C2100014E19 /* JKLoadDataController.m */,
				2B1FC79F1E4DB5A100014E19 /* JKContentLoadDataController.h */,
				2B1FC7A01E4DB5A100014E19 /* JKContentLoadDataController.m */,
			);
			name = LoadDate;
			sourceTree = "<group>";
		};
		2B1FC7881E4D6B0600014E19 /* JKModel */ = {
			isa = PBXGroup;
			children = (
				2B1FC7891E4D6B3300014E19 /* JKModel.h */,
				2B1FC78A1E4D6B3300014E19 /* JKModel.m */,
				2B1FC79C1E4DB2AB00014E19 /* CenterModel.h */,
				2B1FC79D1E4DB2AB00014E19 /* CenterModel.m */,
			);
			name = JKModel;
			sourceTree = "<group>";
		};
		2B1FC78C1E4D6B4200014E19 /* JKCell */ = {
			isa = PBXGroup;
			children = (
				2B1FC78D1E4D6B6F00014E19 /* JKCell.h */,
				2B1FC78E1E4D6B6F00014E19 /* JKCell.m */,
				2B1FC78F1E4D6B6F00014E19 /* JKCell.xib */,
			);
			name = JKCell;
			sourceTree = "<group>";
		};
		2B735A251E792AA100CBA4A2 /* Swift */ = {
			isa = PBXGroup;
			children = (
				2B735A281E792B0F00CBA4A2 /* SwiftViewController.swift */,
				2BBC6BA31E7BAB1B00E0458C /* Test */,
				2BBC6B9A1E7A697600E0458C /* WKWebView */,
				2BBC6B961E793D9600E0458C /* 蓝牙 */,
				2B735A271E792B0F00CBA4A2 /* LoadResouse-Bridging-Header.h */,
				2BBC6BA11E7A9C2000E0458C /* AccountManager.swift */,
			);
			name = Swift;
			sourceTree = "<group>";
		};
		2BBC6B961E793D9600E0458C /* 蓝牙 */ = {
			isa = PBXGroup;
			children = (
				2BBC6B971E793DB600E0458C /* BlueTouchViewController.swift */,
			);
			name = "蓝牙";
			sourceTree = "<group>";
		};
		2BBC6B9A1E7A697600E0458C /* WKWebView */ = {
			isa = PBXGroup;
			children = (
				2BBC6B9B1E7A699000E0458C /* JSViewController.swift */,
			);
			name = WKWebView;
			sourceTree = "<group>";
		};
		2BBC6BA31E7BAB1B00E0458C /* Test */ = {
			isa = PBXGroup;
			children = (
				2BBC6BA41E7BAB3700E0458C /* PPTestViewController.swift */,
			);
			name = Test;
			sourceTree = "<group>";
		};
		797F5641D7C452D2C64E3BF2 /* Pods */ = {
			isa = PBXGroup;
			children = (
				21E1E70429D533FD9DDD4B3D /* Pods.debug.xcconfig */,
				66F1DE8C89C2F6441F3DB5CC /* Pods.release.xcconfig */,
			);
			name = Pods;
			sourceTree = "<group>";
		};
		CE106CB81D7EA5E600C7F181 = {
			isa = PBXGroup;
			children = (
				2B6F34011E763D5D00AAE84A /* Fabric.framework */,
				2B6F34021E763D5D00AAE84A /* Crashlytics.framework */,
				CE268A261DACB8CF0021AA00 /* AgoraAudioKit.framework */,
				CEA803371DA9E488006C6717 /* Chart.js */,
				CEA803381DA9E488006C6717 /* index.html */,
				2BBC6B9F1E7A820B00E0458C /* test.html */,
				CE106CC31D7EA5E600C7F181 /* LoadResouse */,
				CE106CC21D7EA5E600C7F181 /* Products */,
				0E20DF4D935D4331BA17581A /* Frameworks */,
				797F5641D7C452D2C64E3BF2 /* Pods */,
			);
			sourceTree = "<group>";
		};
		CE106CC21D7EA5E600C7F181 /* Products */ = {
			isa = PBXGroup;
			children = (
				CE106CC11D7EA5E600C7F181 /* LoadResouse.app */,
			);
			name = Products;
			sourceTree = "<group>";
		};
		CE106CC31D7EA5E600C7F181 /* LoadResouse */ = {
			isa = PBXGroup;
			children = (
				2BBC6B991E794C6A00E0458C /* LoadResouse.entitlements */,
				2B735A251E792AA100CBA4A2 /* Swift */,
				2B1FC7811E4C75DD00014E19 /* 网页公共展示 */,
				CE4B8F631D87DA1F00D9C1BE /* 数据下载 */,
				CE638E9B1D800B7800D7720C /* MyModel */,
				CE106D0F1D7FBCBF00C7F181 /* 全局 */,
				CE638EA61D801C1B00D7720C /* 请求类 */,
				CE106CFB1D7EAE2500C7F181 /* TableviewFather */,
				CE106CD91D7EA66C00C7F181 /* Controller */,
				CE106CD81D7EA66000C7F181 /* ViewCell */,
				CE106CD71D7EA65500C7F181 /* Model */,
				CE106CD61D7EA63000C7F181 /* 第三方 */,
				CE106CD51D7EA61100C7F181 /* MainAppdelegate */,
				CE106CCA1D7EA5E700C7F181 /* Assets.xcassets */,
				CE106CCC1D7EA5E700C7F181 /* LaunchScreen.storyboard */,
				CE106CCF1D7EA5E700C7F181 /* Info.plist */,
				CE106CC41D7EA5E600C7F181 /* Supporting Files */,
				CE106CF61D7EA91F00C7F181 /* LoadResouse-Prefix.pch */,
			);
			path = LoadResouse;
			sourceTree = "<group>";
		};
		CE106CC41D7EA5E600C7F181 /* Supporting Files */ = {
			isa = PBXGroup;
			children = (
				CE106CC51D7EA5E600C7F181 /* main.m */,
			);
			name = "Supporting Files";
			sourceTree = "<group>";
		};
		CE106CD51D7EA61100C7F181 /* MainAppdelegate */ = {
			isa = PBXGroup;
			children = (
				CE106CC71D7EA5E600C7F181 /* AppDelegate.h */,
				CE106CC81D7EA5E600C7F181 /* AppDelegate.m */,
			);
			name = MainAppdelegate;
			sourceTree = "<group>";
		};
		CE106CD61D7EA63000C7F181 /* 第三方 */ = {
			isa = PBXGroup;
			children = (
				CE885ED91D94CE2A00CB22D0 /* 微信SDK */,
				CE106CDE1D7EA8DA00C7F181 /* RESideMenu */,
			);
			name = "第三方";
			sourceTree = "<group>";
		};
		CE106CD71D7EA65500C7F181 /* Model */ = {
			isa = PBXGroup;
			children = (
				2B1FC7881E4D6B0600014E19 /* JKModel */,
				2B1FC7791E4C588500014E19 /* BoysModel */,
				CED4BCB61D9A14440096E842 /* 迅雷 */,
				CE885ED11D93EDEA00CB22D0 /* 爱奇艺 */,
			);
			name = Model;
			sourceTree = "<group>";
		};
		CE106CD81D7EA66000C7F181 /* ViewCell */ = {
			isa = PBXGroup;
			children = (
				2B1FC78C1E4D6B4200014E19 /* JKCell */,
				2B1FC7731E4C585400014E19 /* BoysCell */,
				CE3197101D992033006D2C42 /* 设置Cell */,
				CEF21BF51D950CC0006B2BCC /* 首页 */,
				CE885ED01D93EDDE00CB22D0 /* 爱奇艺 */,
			);
			name = ViewCell;
			sourceTree = "<group>";
		};
		CE106CD91D7EA66C00C7F181 /* Controller */ = {
			isa = PBXGroup;
			children = (
				CE31970C1D991FDA006D2C42 /* 设置 */,
				CE106D021D7EB4E900C7F181 /* 功能模块 */,
				CE106CF71D7EAA1A00C7F181 /* LeftController */,
				CE106CDA1D7EA67A00C7F181 /* HomeController */,
			);
			name = Controller;
			sourceTree = "<group>";
		};
		CE106CDA1D7EA67A00C7F181 /* HomeController */ = {
			isa = PBXGroup;
			children = (
				CE106CDB1D7EA7C500C7F181 /* HomeViewController.h */,
				CE106CDC1D7EA7C500C7F181 /* HomeViewController.m */,
				CEF21BF41D950CAF006B2BCC /* 小模块 */,
			);
			name = HomeController;
			sourceTree = "<group>";
		};
		CE106CDE1D7EA8DA00C7F181 /* RESideMenu */ = {
			isa = PBXGroup;
			children = (
				CE106CDF1D7EA8DA00C7F181 /* MyHtmlViewController.h */,
				CE106CE01D7EA8DA00C7F181 /* MyHtmlViewController.m */,
				CE106CE11D7EA8DA00C7F181 /* PlayerViewController.h */,
				CE106CE21D7EA8DA00C7F181 /* PlayerViewController.m */,
				CE106CE31D7EA8DA00C7F181 /* RECommonFunctions.h */,
				CE106CE41D7EA8DA00C7F181 /* RECommonFunctions.m */,
				CE106CE51D7EA8DA00C7F181 /* RESideMenu.h */,
				CE106CE61D7EA8DA00C7F181 /* RESideMenu.m */,
				CE106CE71D7EA8DA00C7F181 /* TableViewController.h */,
				CE106CE81D7EA8DA00C7F181 /* TableViewController.m */,
				CE106CE91D7EA8DA00C7F181 /* TestViewController.h */,
				CE106CEA1D7EA8DA00C7F181 /* TestViewController.m */,
				CE106CEB1D7EA8DA00C7F181 /* TestViewController.xib */,
				CE106CEC1D7EA8DA00C7F181 /* UIViewController+RESideMenu.h */,
				CE106CED1D7EA8DA00C7F181 /* UIViewController+RESideMenu.m */,
			);
			path = RESideMenu;
			sourceTree = "<group>";
		};
		CE106CF71D7EAA1A00C7F181 /* LeftController */ = {
			isa = PBXGroup;
			children = (
				CE106CF81D7EAA3200C7F181 /* LeftViewController.h */,
				CE106CF91D7EAA3200C7F181 /* LeftViewController.m */,
			);
			name = LeftController;
			sourceTree = "<group>";
		};
		CE106CFB1D7EAE2500C7F181 /* TableviewFather */ = {
			isa = PBXGroup;
			children = (
				CE106CFF1D7EAEDA00C7F181 /* TableFatherViewController.h */,
				CE106D001D7EAEDA00C7F181 /* TableFatherViewController.m */,
			);
			name = TableviewFather;
			sourceTree = "<group>";
		};
		CE106D021D7EB4E900C7F181 /* 功能模块 */ = {
			isa = PBXGroup;
			children = (
				2B1FC7861E4D6A8F00014E19 /* 极客网 */,
				2B1FC76F1E4C57E800014E19 /* BOYS */,
				CE5E7DC11DAB45AC00E8DC6A /* 号码归属地 */,
				CEA8033B1DA9E529006C6717 /* 表盘 */,
				CE68F8291D7FF92600DE4A0C /* 百思不得姐 */,
				CE106D0A1D7EBF5300C7F181 /* 系统模块 */,
				CE106D091D7EBF4000C7F181 /* 主控制器 */,
			);
			name = "功能模块";
			sourceTree = "<group>";
		};
		CE106D091D7EBF4000C7F181 /* 主控制器 */ = {
			isa = PBXGroup;
			children = (
				CE106D031D7EB56100C7F181 /* MoreToolViewController.h */,
				CE106D041D7EB56100C7F181 /* MoreToolViewController.m */,
			);
			name = "主控制器";
			sourceTree = "<group>";
		};
		CE106D0A1D7EBF5300C7F181 /* 系统模块 */ = {
			isa = PBXGroup;
			children = (
				CE106D0B1D7EBF7B00C7F181 /* XTGNViewController.h */,
				CE106D0C1D7EBF7B00C7F181 /* XTGNViewController.m */,
			);
			name = "系统模块";
			sourceTree = "<group>";
		};
		CE106D0F1D7FBCBF00C7F181 /* 全局 */ = {
			isa = PBXGroup;
			children = (
				CEA7137A1D9A673B00F5FCC3 /* 播放器下边按钮 */,
				CEA713761D9A560D00F5FCC3 /* 播放器 */,
				CE106D101D7FBD0400C7F181 /* GlobalDefine.h */,
				CED4BCBA1D9A181F0096E842 /* NSObject+SBData.h */,
				CED4BCBB1D9A181F0096E842 /* NSObject+SBData.m */,
			);
			name = "全局";
			sourceTree = "<group>";
		};
		CE191E151D95303F00B9D8E4 /*  爱奇艺首页 */ = {
			isa = PBXGroup;
			children = (
				CE885ED21D93EE2C00CB22D0 /* AQYViewController.h */,
				CE885ED31D93EE2C00CB22D0 /* AQYViewController.m */,
			);
			name = " 爱奇艺首页";
			sourceTree = "<group>";
		};
		CE191E161D95306000B9D8E4 /* 详情页 */ = {
			isa = PBXGroup;
			children = (
				CE191E171D95308300B9D8E4 /* AQYXQViewController.h */,
				CE191E181D95308300B9D8E4 /* AQYXQViewController.m */,
			);
			name = "详情页";
			sourceTree = "<group>";
		};
		CE31970C1D991FDA006D2C42 /* 设置 */ = {
			isa = PBXGroup;
			children = (
				CE31970D1D99200B006D2C42 /* SetingTableViewController.h */,
				CE31970E1D99200B006D2C42 /* SetingTableViewController.m */,
			);
			name = "设置";
			sourceTree = "<group>";
		};
		CE3197101D992033006D2C42 /* 设置Cell */ = {
			isa = PBXGroup;
			children = (
				CE3197111D992060006D2C42 /* SettingTableViewCell.h */,
				CE3197121D992060006D2C42 /* SettingTableViewCell.m */,
				CE3197131D992060006D2C42 /* SettingTableViewCell.xib */,
			);
			name = "设置Cell";
			sourceTree = "<group>";
		};
		CE4B8F0D1D87A7D100D9C1BE /* CollectionHead */ = {
			isa = PBXGroup;
			children = (
				CE4B8F6D1D87F0A800D9C1BE /* MyHeadView.h */,
				CE4B8F6E1D87F0A800D9C1BE /* MyHeadView.m */,
				CE4B8F6F1D87F0A800D9C1BE /* MyHeadView.xib */,
			);
			name = CollectionHead;
			sourceTree = "<group>";
		};
		CE4B8F631D87DA1F00D9C1BE /* 数据下载 */ = {
			isa = PBXGroup;
			children = (
				CED4BCBD1D9A19AD0096E842 /* 迅雷数据下载 */,
				CE4B8F641D87DA3400D9C1BE /* hahha */,
			);
			name = "数据下载";
			sourceTree = "<group>";
		};
		CE4B8F721D88E24700D9C1BE /* 分类 */ = {
			isa = PBXGroup;
			children = (
				CE638EAB1D81106000D7720C /* BaiSiBDJDataController.h */,
				CE638EAC1D81106000D7720C /* BaiSiBDJDataController.m */,
			);
			name = "分类";
			sourceTree = "<group>";
		};
		CE4B8F761D88E28D00D9C1BE /* 内容 */ = {
			isa = PBXGroup;
			children = (
				CE4B8F731D88E28900D9C1BE /* LoadDataBaisiControl.h */,
				CE4B8F741D88E28900D9C1BE /* LoadDataBaisiControl.m */,
			);
			name = "内容";
			sourceTree = "<group>";
		};
		CE5E7DC11DAB45AC00E8DC6A /* 号码归属地 */ = {
			isa = PBXGroup;
			children = (
				CE5E7DC21DAB45EA00E8DC6A /* TelAddressViewController.h */,
				CE5E7DC31DAB45EA00E8DC6A /* TelAddressViewController.m */,
			);
			name = "号码归属地";
			sourceTree = "<group>";
		};
		CE638E9B1D800B7800D7720C /* MyModel */ = {
			isa = PBXGroup;
			children = (
				CE638E9C1D800BA600D7720C /* FatherModel.h */,
				CE638E9D1D800BA600D7720C /* FatherModel.m */,
			);
			name = MyModel;
			sourceTree = "<group>";
		};
		CE638EA21D80100700D7720C /* titleModel */ = {
			isa = PBXGroup;
			children = (
				CE638EA31D80102200D7720C /* TitleModel.h */,
				CE638EA41D80102200D7720C /* TitleModel.m */,
			);
			name = titleModel;
			sourceTree = "<group>";
		};
		CE638EA61D801C1B00D7720C /* 请求类 */ = {
			isa = PBXGroup;
			children = (
				CE638EA71D801C4900D7720C /* LoadDataController.h */,
				CE638EA81D801C4900D7720C /* LoadDataController.m */,
			);
			name = "请求类";
			sourceTree = "<group>";
		};
		CE638EAA1D81102D00D7720C /* LoadData */ = {
			isa = PBXGroup;
			children = (
				CE885EC11D9390CB00CB22D0 /* 评论 */,
				CE4B8F721D88E24700D9C1BE /* 分类 */,
				CE4B8F761D88E28D00D9C1BE /* 内容 */,
			);
			name = LoadData;
			sourceTree = "<group>";
		};
		CE638EAE1D828D7B00D7720C /* 首页 */ = {
			isa = PBXGroup;
			children = (
				CEA184451D90046A001B04DC /* 详情页 */,
				CEA184441D90045D001B04DC /* 首页 */,
			);
			name = "首页";
			sourceTree = "<group>";
		};
		CE638EAF1D828D8700D7720C /* 分类页 */ = {
			isa = PBXGroup;
			children = (
				CE638EB01D828DA900D7720C /* FenLeiViewController.h */,
				CE638EB11D828DA900D7720C /* FenLeiViewController.m */,
			);
			name = "分类页";
			sourceTree = "<group>";
		};
		CE638EB31D82BDD800D7720C /* 分类Cell */ = {
			isa = PBXGroup;
			children = (
				CE4B8F0D1D87A7D100D9C1BE /* CollectionHead */,
				CE638EB41D82BE0900D7720C /* FenleiCell.h */,
				CE638EB51D82BE0900D7720C /* FenleiCell.m */,
				CE638EB61D82BE0900D7720C /* FenleiCell.xib */,
			);
			name = "分类Cell";
			sourceTree = "<group>";
		};
		CE68F8291D7FF92600DE4A0C /* 百思不得姐 */ = {
			isa = PBXGroup;
			children = (
				CE68F82C1D7FF96100DE4A0C /* Controller */,
				CE638EAA1D81102D00D7720C /* LoadData */,
				CE68F82B1D7FF95500DE4A0C /* cell */,
				CE68F82A1D7FF94900DE4A0C /* Model */,
			);
			name = "百思不得姐";
			sourceTree = "<group>";
		};
		CE68F82A1D7FF94900DE4A0C /* Model */ = {
			isa = PBXGroup;
			children = (
				CE885EC91D93C0BF00CB22D0 /* 下拉上啦model */,
				CE885EC51D9398CB00CB22D0 /* PLModel */,
				CE638EA21D80100700D7720C /* titleModel */,
				CE638E9F1D800BBD00D7720C /* BaiSiBDJModel.h */,
				CE638EA01D800BBD00D7720C /* BaiSiBDJModel.m */,
			);
			name = Model;
			sourceTree = "<group>";
		};
		CE68F82B1D7FF95500DE4A0C /* cell */ = {
			isa = PBXGroup;
			children = (
				CED098EB1D922A9C0048060C /* 分享View */,
				CE638EB31D82BDD800D7720C /* 分类Cell */,
				CE638E961D800B6200D7720C /* BaiSiBDJCell.h */,
				CE638E971D800B6200D7720C /* BaiSiBDJCell.m */,
				CE638E981D800B6200D7720C /* BaiSiBDJCell.xib */,
				CED719951D8F93E000A35F04 /* BSBDJTableViewCell.h */,
				CED719961D8F93E000A35F04 /* BSBDJTableViewCell.m */,
			);
			name = cell;
			sourceTree = "<group>";
		};
		CE68F82C1D7FF96100DE4A0C /* Controller */ = {
			isa = PBXGroup;
			children = (
				CE638EAF1D828D8700D7720C /* 分类页 */,
				CE638EAE1D828D7B00D7720C /* 首页 */,
			);
			name = Controller;
			sourceTree = "<group>";
		};
		CE6CC59C1DAF83FF00BDE875 /* 测试 */ = {
			isa = PBXGroup;
			children = (
				CE6CC59D1DAF843600BDE875 /* TextViewController.h */,
				CE6CC59E1DAF843600BDE875 /* TextViewController.m */,
			);
			name = "测试";
			sourceTree = "<group>";
		};
		CE885EC11D9390CB00CB22D0 /* 评论 */ = {
			isa = PBXGroup;
			children = (
				CE885EC21D93910A00CB22D0 /* LoadDataBaiSiPLControl.h */,
				CE885EC31D93910A00CB22D0 /* LoadDataBaiSiPLControl.m */,
			);
			name = "评论";
			sourceTree = "<group>";
		};
		CE885EC51D9398CB00CB22D0 /* PLModel */ = {
			isa = PBXGroup;
			children = (
				CE885EC61D9398FC00CB22D0 /* PLModel.h */,
				CE885EC71D9398FC00CB22D0 /* PLModel.m */,
			);
			name = PLModel;
			sourceTree = "<group>";
		};
		CE885EC91D93C0BF00CB22D0 /* 下拉上啦model */ = {
			isa = PBXGroup;
			children = (
			);
			name = "下拉上啦model";
			sourceTree = "<group>";
		};
		CE885ECE1D93EDA000CB22D0 /* 爱奇艺 */ = {
			isa = PBXGroup;
			children = (
				CE885ED51D93EEC600CB22D0 /* LoadDataController */,
				CE885ECF1D93EDC100CB22D0 /* Controller */,
			);
			name = "爱奇艺";
			sourceTree = "<group>";
		};
		CE885ECF1D93EDC100CB22D0 /* Controller */ = {
			isa = PBXGroup;
			children = (
				CE191E161D95306000B9D8E4 /* 详情页 */,
				CE191E151D95303F00B9D8E4 /*  爱奇艺首页 */,
			);
			name = Controller;
			sourceTree = "<group>";
		};
		CE885ED01D93EDDE00CB22D0 /* 爱奇艺 */ = {
			isa = PBXGroup;
			children = (
			);
			name = "爱奇艺";
			sourceTree = "<group>";
		};
		CE885ED11D93EDEA00CB22D0 /* 爱奇艺 */ = {
			isa = PBXGroup;
			children = (
			);
			name = "爱奇艺";
			sourceTree = "<group>";
		};
		CE885ED51D93EEC600CB22D0 /* LoadDataController */ = {
			isa = PBXGroup;
			children = (
				CE885ED61D93EF0700CB22D0 /* AQYLoadDataControl.h */,
				CE885ED71D93EF0700CB22D0 /* AQYLoadDataControl.m */,
			);
			name = LoadDataController;
			sourceTree = "<group>";
		};
		CE885ED91D94CE2A00CB22D0 /* 微信SDK */ = {
			isa = PBXGroup;
			children = (
				CE885EDE1D94CED700CB22D0 /* WechatAuthSDK.h */,
				CE885EDA1D94CE5600CB22D0 /* libWeChatSDK.a */,
				CE885EDB1D94CE5600CB22D0 /* WXApi.h */,
				CE885EDC1D94CE5600CB22D0 /* WXApiObject.h */,
			);
			name = "微信SDK";
			sourceTree = "<group>";
		};
		CEA184441D90045D001B04DC /* 首页 */ = {
			isa = PBXGroup;
			children = (
				CE638E931D800B3D00D7720C /* BaiSiDJViewController.h */,
				CE638E941D800B3D00D7720C /* BaiSiDJViewController.m */,
			);
			name = "首页";
			sourceTree = "<group>";
		};
		CEA184451D90046A001B04DC /* 详情页 */ = {
			isa = PBXGroup;
			children = (
				CEA184461D9004AA001B04DC /* XQViewController.h */,
				CEA184471D9004AA001B04DC /* XQViewController.m */,
			);
			name = "详情页";
			sourceTree = "<group>";
		};
		CEA713761D9A560D00F5FCC3 /* 播放器 */ = {
			isa = PBXGroup;
			children = (
				CEA713771D9A565600F5FCC3 /* AVPlayerVideoViewController.h */,
				CEA713781D9A565600F5FCC3 /* AVPlayerVideoViewController.m */,
			);
			name = "播放器";
			sourceTree = "<group>";
		};
		CEA7137A1D9A673B00F5FCC3 /* 播放器下边按钮 */ = {
			isa = PBXGroup;
			children = (
				CEA7137B1D9A677500F5FCC3 /* VideoButtonView.h */,
				CEA7137C1D9A677500F5FCC3 /* VideoButtonView.m */,
				CEA7137E1D9A679900F5FCC3 /* VideoButtonView.xib */,
			);
			name = "播放器下边按钮";
			sourceTree = "<group>";
		};
		CEA803331DA8F61C006C6717 /* 木木优购 */ = {
			isa = PBXGroup;
			children = (
				CEA803341DA8F63F006C6717 /* MMYGViewController.h */,
				CEA803351DA8F63F006C6717 /* MMYGViewController.m */,
			);
			name = "木木优购";
			sourceTree = "<group>";
		};
		CEA8033B1DA9E529006C6717 /* 表盘 */ = {
			isa = PBXGroup;
			children = (
				CEA8033C1DA9E5C7006C6717 /* ChartViewController.h */,
				CEA8033D1DA9E5C7006C6717 /* ChartViewController.m */,
			);
			name = "表盘";
			sourceTree = "<group>";
		};
		CED098EB1D922A9C0048060C /* 分享View */ = {
			isa = PBXGroup;
			children = (
				CEEA68821D9292BE00017A2A /* ShearView.h */,
				CEEA68831D9292BE00017A2A /* ShearView.m */,
			);
			name = "分享View";
			sourceTree = "<group>";
		};
		CED4BCAB1D9A11540096E842 /* 迅雷看看 */ = {
			isa = PBXGroup;
			children = (
				CED4BCAC1D9A117E0096E842 /* XLKKViewController.h */,
				CED4BCAD1D9A117E0096E842 /* XLKKViewController.m */,
			);
			name = "迅雷看看";
			sourceTree = "<group>";
		};
		CED4BCAF1D9A11960096E842 /* coletionViewCell */ = {
			isa = PBXGroup;
			children = (
				CEF21BF61D950CEB006B2BCC /* VideoCollectionViewCell.h */,
				CEF21BF71D950CEB006B2BCC /* VideoCollectionViewCell.m */,
				CEF21BF81D950CEB006B2BCC /* VideoCollectionViewCell.xib */,
			);
			name = coletionViewCell;
			sourceTree = "<group>";
		};
		CED4BCB01D9A129D0096E842 /* 迅雷Cell */ = {
			isa = PBXGroup;
			children = (
				CED4BCB11D9A12C50096E842 /* XLTableViewCell.h */,
				CED4BCB21D9A12C50096E842 /* XLTableViewCell.m */,
				CED4BCB31D9A12C50096E842 /* XLTableViewCell.xib */,
			);
			name = "迅雷Cell";
			sourceTree = "<group>";
		};
		CED4BCB61D9A14440096E842 /* 迅雷 */ = {
			isa = PBXGroup;
			children = (
				CED4BCC11D9A2DAC0096E842 /* videoModel */,
				CED4BCB71D9A14A30096E842 /* XLModel.h */,
				CED4BCB81D9A14A30096E842 /* XLModel.m */,
			);
			name = "迅雷";
			sourceTree = "<group>";
		};
		CED4BCBD1D9A19AD0096E842 /* 迅雷数据下载 */ = {
			isa = PBXGroup;
			children = (
				CED4BCBE1D9A19E50096E842 /* XLLoadDataController.h */,
				CED4BCBF1D9A19E50096E842 /* XLLoadDataController.m */,
			);
			name = "迅雷数据下载";
			sourceTree = "<group>";
		};
		CED4BCC11D9A2DAC0096E842 /* videoModel */ = {
			isa = PBXGroup;
			children = (
				CED4BCC21D9A2DCB0096E842 /* XLVideoModel.h */,
				CED4BCC31D9A2DCB0096E842 /* XLVideoModel.m */,
			);
			name = videoModel;
			sourceTree = "<group>";
		};
		CEF21BF41D950CAF006B2BCC /* 小模块 */ = {
			isa = PBXGroup;
			children = (
				CE6CC59C1DAF83FF00BDE875 /* 测试 */,
				CEA803331DA8F61C006C6717 /* 木木优购 */,
				CED4BCAB1D9A11540096E842 /* 迅雷看看 */,
				CE885ECE1D93EDA000CB22D0 /* 爱奇艺 */,
			);
			name = "小模块";
			sourceTree = "<group>";
		};
		CEF21BF51D950CC0006B2BCC /* 首页 */ = {
			isa = PBXGroup;
			children = (
				CED4BCB01D9A129D0096E842 /* 迅雷Cell */,
				CED4BCAF1D9A11960096E842 /* coletionViewCell */,
			);
			name = "首页";
			sourceTree = "<group>";
		};
/* End PBXGroup section */

/* Begin PBXNativeTarget section */
		CE106CC01D7EA5E600C7F181 /* LoadResouse */ = {
			isa = PBXNativeTarget;
			buildConfigurationList = CE106CD21D7EA5E700C7F181 /* Build configuration list for PBXNativeTarget "LoadResouse" */;
			buildPhases = (
				B1EA269468C94ECB867BE016 /* Check Pods Manifest.lock */,
				CE106CBD1D7EA5E600C7F181 /* Sources */,
				CE106CBE1D7EA5E600C7F181 /* Frameworks */,
				CE106CBF1D7EA5E600C7F181 /* Resources */,
				5C3566C20EDE4143A8666EA4 /* Copy Pods Resources */,
				4D7C90654A0EE13EF50D574C /* Embed Pods Frameworks */,
				2B6F34001E763D4600AAE84A /* ShellScript */,
			);
			buildRules = (
			);
			dependencies = (
			);
			name = LoadResouse;
			productName = LoadResouse;
			productReference = CE106CC11D7EA5E600C7F181 /* LoadResouse.app */;
			productType = "com.apple.product-type.application";
		};
/* End PBXNativeTarget section */

/* Begin PBXProject section */
		CE106CB91D7EA5E600C7F181 /* Project object */ = {
			isa = PBXProject;
			attributes = {
				LastUpgradeCheck = 0730;
				ORGANIZATIONNAME = Zhugy;
				TargetAttributes = {
					CE106CC01D7EA5E600C7F181 = {
						CreatedOnToolsVersion = 7.3;
						DevelopmentTeam = 3U62SP5YP3;
						LastSwiftMigration = 0810;
						ProvisioningStyle = Automatic;
						SystemCapabilities = {
							com.apple.BackgroundModes = {
								enabled = 1;
							};
							com.apple.Push = {
								enabled = 0;
							};
						};
					};
				};
			};
			buildConfigurationList = CE106CBC1D7EA5E600C7F181 /* Build configuration list for PBXProject "LoadResouse" */;
			compatibilityVersion = "Xcode 3.2";
			developmentRegion = English;
			hasScannedForEncodings = 0;
			knownRegions = (
				en,
				Base,
			);
			mainGroup = CE106CB81D7EA5E600C7F181;
			productRefGroup = CE106CC21D7EA5E600C7F181 /* Products */;
			projectDirPath = "";
			projectRoot = "";
			targets = (
				CE106CC01D7EA5E600C7F181 /* LoadResouse */,
			);
		};
/* End PBXProject section */

/* Begin PBXResourcesBuildPhase section */
		CE106CBF1D7EA5E600C7F181 /* Resources */ = {
			isa = PBXResourcesBuildPhase;
			buildActionMask = 2147483647;
			files = (
				CEA803391DA9E488006C6717 /* Chart.js in Resources */,
				CEA8033A1DA9E488006C6717 /* index.html in Resources */,
				CE106CCB1D7EA5E700C7F181 /* Assets.xcassets in Resources */,
				CE638EB81D82BE0900D7720C /* FenleiCell.xib in Resources */,
				2B1FC7781E4C587C00014E19 /* BoysCell.xib in Resources */,
				CEF21BFA1D950CEB006B2BCC /* VideoCollectionViewCell.xib in Resources */,
				CE4B8F651D87DA3400D9C1BE /* hahha in Resources */,
				CEA7137F1D9A679900F5FCC3 /* VideoButtonView.xib in Resources */,
				2B1FC7911E4D6B6F00014E19 /* JKCell.xib in Resources */,
				CE638E9A1D800B6200D7720C /* BaiSiBDJCell.xib in Resources */,
				CED4BCB51D9A12C50096E842 /* XLTableViewCell.xib in Resources */,
				CE3197151D992060006D2C42 /* SettingTableViewCell.xib in Resources */,
				2BBC6BA01E7A820B00E0458C /* test.html in Resources */,
				CE106CF41D7EA8DA00C7F181 /* TestViewController.xib in Resources */,
				CE106CCE1D7EA5E700C7F181 /* LaunchScreen.storyboard in Resources */,
				CE4B8F711D87F0A800D9C1BE /* MyHeadView.xib in Resources */,
			);
			runOnlyForDeploymentPostprocessing = 0;
		};
/* End PBXResourcesBuildPhase section */

/* Begin PBXShellScriptBuildPhase section */
		2B6F34001E763D4600AAE84A /* ShellScript */ = {
			isa = PBXShellScriptBuildPhase;
			buildActionMask = 2147483647;
			files = (
			);
			inputPaths = (
				"$(SRCROOT)/Carthage/Build/iOS/MonkeyKing.framework",
				"$(SRCROOT)/Carthage/Build/iOS/Locksmith.framework",
				"$(SRCROOT)/Carthage/Build/iOS/Cartography.framework",
				"$(SRCROOT)/Carthage/Build/iOS/Alamofire.framework",
				"$(SRCROOT)/Carthage/Build/iOS/ObjectMapper.framework",
				"$(SRCROOT)/Carthage/Build/iOS/Reachability.framework",
				"$(SRCROOT)/Carthage/Build/iOS/KVOController.framework",
				"$(SRCROOT)/Carthage/Build/iOS/JGProgressHUD.framework",
				"$(SRCROOT)/Carthage/Build/iOS/FDTemplateLayoutCell.framework",
				"$(SRCROOT)/Carthage/Build/iOS/DZNEmptyDataSet.framework",
			);
			outputPaths = (
			);
			runOnlyForDeploymentPostprocessing = 0;
			shellPath = /bin/sh;
			shellScript = "./Fabric.framework/run 16ddc564357ffbbbfa512480fec9bf8b6e3e2c1f bd1720e8d9b3a417acd1a042d9b3b86fed08d142f7b4f067ab9bbe3973ab802d\n/usr/local/bin/carthage copy-frameworks";
		};
		4D7C90654A0EE13EF50D574C /* Embed Pods Frameworks */ = {
			isa = PBXShellScriptBuildPhase;
			buildActionMask = 2147483647;
			files = (
			);
			inputPaths = (
			);
			name = "Embed Pods Frameworks";
			outputPaths = (
			);
			runOnlyForDeploymentPostprocessing = 0;
			shellPath = /bin/sh;
			shellScript = "\"${SRCROOT}/Pods/Target Support Files/Pods/Pods-frameworks.sh\"\n";
			showEnvVarsInLog = 0;
		};
		5C3566C20EDE4143A8666EA4 /* Copy Pods Resources */ = {
			isa = PBXShellScriptBuildPhase;
			buildActionMask = 2147483647;
			files = (
			);
			inputPaths = (
			);
			name = "Copy Pods Resources";
			outputPaths = (
			);
			runOnlyForDeploymentPostprocessing = 0;
			shellPath = /bin/sh;
			shellScript = "\"${SRCROOT}/Pods/Target Support Files/Pods/Pods-resources.sh\"\n";
			showEnvVarsInLog = 0;
		};
		B1EA269468C94ECB867BE016 /* Check Pods Manifest.lock */ = {
			isa = PBXShellScriptBuildPhase;
			buildActionMask = 2147483647;
			files = (
			);
			inputPaths = (
			);
			name = "Check Pods Manifest.lock";
			outputPaths = (
			);
			runOnlyForDeploymentPostprocessing = 0;
			shellPath = /bin/sh;
			shellScript = "diff \"${PODS_ROOT}/../Podfile.lock\" \"${PODS_ROOT}/Manifest.lock\" > /dev/null\nif [[ $? != 0 ]] ; then\n    cat << EOM\nerror: The sandbox is not in sync with the Podfile.lock. Run 'pod install' or update your CocoaPods installation.\nEOM\n    exit 1\nfi\n";
			showEnvVarsInLog = 0;
		};
/* End PBXShellScriptBuildPhase section */

/* Begin PBXSourcesBuildPhase section */
		CE106CBD1D7EA5E600C7F181 /* Sources */ = {
			isa = PBXSourcesBuildPhase;
			buildActionMask = 2147483647;
			files = (
				CEA713791D9A565600F5FCC3 /* AVPlayerVideoViewController.m in Sources */,
				CE106CC91D7EA5E600C7F181 /* AppDelegate.m in Sources */,
				2B1FC7771E4C587C00014E19 /* BoysCell.m in Sources */,
				CEA7137D1D9A677500F5FCC3 /* VideoButtonView.m in Sources */,
				CE6CC59F1DAF843600BDE875 /* TextViewController.m in Sources */,
				CE638E991D800B6200D7720C /* BaiSiBDJCell.m in Sources */,
				CE4B8F751D88E28900D9C1BE /* LoadDataBaisiControl.m in Sources */,
				CED4BCAE1D9A117E0096E842 /* XLKKViewController.m in Sources */,
				CE638E9E1D800BA600D7720C /* FatherModel.m in Sources */,
				CE106CF01D7EA8DA00C7F181 /* RECommonFunctions.m in Sources */,
				CEF21BF91D950CEB006B2BCC /* VideoCollectionViewCell.m in Sources */,
				CED719971D8F93E000A35F04 /* BSBDJTableViewCell.m in Sources */,
				CE106CC61D7EA5E600C7F181 /* main.m in Sources */,
				2BBC6B9C1E7A699000E0458C /* JSViewController.swift in Sources */,
				CE885EC41D93910A00CB22D0 /* LoadDataBaiSiPLControl.m in Sources */,
				2B1FC7A11E4DB5A100014E19 /* JKContentLoadDataController.m in Sources */,
				2B1FC7801E4C653800014E19 /* BoysLoadDataController.m in Sources */,
				CE638E951D800B3D00D7720C /* BaiSiDJViewController.m in Sources */,
				CE106CDD1D7EA7C500C7F181 /* HomeViewController.m in Sources */,
				CE638EA11D800BBD00D7720C /* BaiSiBDJModel.m in Sources */,
				CE106CEE1D7EA8DA00C7F181 /* MyHtmlViewController.m in Sources */,
				CE638EA91D801C4900D7720C /* LoadDataController.m in Sources */,
				2B1FC78B1E4D6B3300014E19 /* JKModel.m in Sources */,
				CE5E7DC41DAB45EA00E8DC6A /* TelAddressViewController.m in Sources */,
				CE885EC81D9398FC00CB22D0 /* PLModel.m in Sources */,
				2B1FC7901E4D6B6F00014E19 /* JKCell.m in Sources */,
				CE4B8F701D87F0A800D9C1BE /* MyHeadView.m in Sources */,
				CE31970F1D99200B006D2C42 /* SetingTableViewController.m in Sources */,
				CE106D0D1D7EBF7B00C7F181 /* XTGNViewController.m in Sources */,
				2B1FC7841E4C760800014E19 /* WebViewController.m in Sources */,
				CED4BCB91D9A14A30096E842 /* XLModel.m in Sources */,
				CE638EAD1D81106000D7720C /* BaiSiBDJDataController.m in Sources */,
				2B1FC79E1E4DB2AB00014E19 /* CenterModel.m in Sources */,
				CE638EB71D82BE0900D7720C /* FenleiCell.m in Sources */,
				CEEA68841D9292BE00017A2A /* ShearView.m in Sources */,
				CE106CEF1D7EA8DA00C7F181 /* PlayerViewController.m in Sources */,
				CED4BCB41D9A12C50096E842 /* XLTableViewCell.m in Sources */,
				CE106CF31D7EA8DA00C7F181 /* TestViewController.m in Sources */,
				CE885ED81D93EF0700CB22D0 /* AQYLoadDataControl.m in Sources */,
				CEA8033E1DA9E5C7006C6717 /* ChartViewController.m in Sources */,
				2B1FC77C1E4C590200014E19 /* BoysModel.m in Sources */,
				2B1FC7971E4D6C2100014E19 /* JKLoadDataController.m in Sources */,
				CED4BCC41D9A2DCB0096E842 /* XLVideoModel.m in Sources */,
				2B735A291E792B0F00CBA4A2 /* SwiftViewController.swift in Sources */,
				CE885ED41D93EE2C00CB22D0 /* AQYViewController.m in Sources */,
				2B1FC79A1E4DB0FF00014E19 /* JKCountentViewController.m in Sources */,
				2BBC6BA51E7BAB3700E0458C /* PPTestViewController.swift in Sources */,
				2BBC6B981E793DB600E0458C /* BlueTouchViewController.swift in Sources */,
				CE106CF51D7EA8DA00C7F181 /* UIViewController+RESideMenu.m in Sources */,
				CE3197141D992060006D2C42 /* SettingTableViewCell.m in Sources */,
				2B1FC7721E4C582700014E19 /* BoysViewController.m in Sources */,
				CE106CFA1D7EAA3200C7F181 /* LeftViewController.m in Sources */,
				2B1FC7A41E4DCD8E00014E19 /* ContentViewController.m in Sources */,
				CE106CF11D7EA8DA00C7F181 /* RESideMenu.m in Sources */,
				CE638EA51D80102200D7720C /* TitleModel.m in Sources */,
				CEA184481D9004AA001B04DC /* XQViewController.m in Sources */,
				CE106CF21D7EA8DA00C7F181 /* TableViewController.m in Sources */,
				CE638EB21D828DA900D7720C /* FenLeiViewController.m in Sources */,
				2B1FC7941E4D6BDC00014E19 /* JKViewController.m in Sources */,
				CE106D051D7EB56100C7F181 /* MoreToolViewController.m in Sources */,
				CED4BCC01D9A19E50096E842 /* XLLoadDataController.m in Sources */,
				2BBC6BA21E7A9C2000E0458C /* AccountManager.swift in Sources */,
				CE106D011D7EAEDA00C7F181 /* TableFatherViewController.m in Sources */,
				CED4BCBC1D9A181F0096E842 /* NSObject+SBData.m in Sources */,
				CEA803361DA8F63F006C6717 /* MMYGViewController.m in Sources */,
				CE191E191D95308300B9D8E4 /* AQYXQViewController.m in Sources */,
			);
			runOnlyForDeploymentPostprocessing = 0;
		};
/* End PBXSourcesBuildPhase section */

/* Begin PBXVariantGroup section */
		CE106CCC1D7EA5E700C7F181 /* LaunchScreen.storyboard */ = {
			isa = PBXVariantGroup;
			children = (
				CE106CCD1D7EA5E700C7F181 /* Base */,
				CE885ECD1D93D60500CB22D0 /* zh-Hans */,
			);
			name = LaunchScreen.storyboard;
			sourceTree = "<group>";
		};
/* End PBXVariantGroup section */

/* Begin XCBuildConfiguration section */
		CE106CD01D7EA5E700C7F181 /* Debug */ = {
			isa = XCBuildConfiguration;
			buildSettings = {
				ALWAYS_SEARCH_USER_PATHS = NO;
				CLANG_ANALYZER_LOCALIZABILITY_NONLOCALIZED = YES;
				CLANG_ANALYZER_NONNULL = YES;
				CLANG_CXX_LANGUAGE_STANDARD = "gnu++0x";
				CLANG_CXX_LIBRARY = "libc++";
				CLANG_ENABLE_MODULES = YES;
				CLANG_ENABLE_OBJC_ARC = YES;
				CLANG_WARN_BOOL_CONVERSION = YES;
				CLANG_WARN_CONSTANT_CONVERSION = YES;
				CLANG_WARN_DIRECT_OBJC_ISA_USAGE = YES_ERROR;
				CLANG_WARN_EMPTY_BODY = YES;
				CLANG_WARN_ENUM_CONVERSION = YES;
				CLANG_WARN_INT_CONVERSION = YES;
				CLANG_WARN_OBJC_ROOT_CLASS = YES_ERROR;
				CLANG_WARN_UNREACHABLE_CODE = YES;
				CLANG_WARN__DUPLICATE_METHOD_MATCH = YES;
				"CODE_SIGN_IDENTITY[sdk=iphoneos*]" = "iPhone Developer";
				COPY_PHASE_STRIP = NO;
				DEBUG_INFORMATION_FORMAT = dwarf;
				ENABLE_STRICT_OBJC_MSGSEND = YES;
				ENABLE_TESTABILITY = YES;
				GCC_C_LANGUAGE_STANDARD = gnu99;
				GCC_DYNAMIC_NO_PIC = NO;
				GCC_NO_COMMON_BLOCKS = YES;
				GCC_OPTIMIZATION_LEVEL = 0;
				GCC_PREPROCESSOR_DEFINITIONS = (
					"DEBUG=1",
					"$(inherited)",
				);
				GCC_WARN_64_TO_32_BIT_CONVERSION = YES;
				GCC_WARN_ABOUT_RETURN_TYPE = YES_ERROR;
				GCC_WARN_UNDECLARED_SELECTOR = YES;
				GCC_WARN_UNINITIALIZED_AUTOS = YES_AGGRESSIVE;
				GCC_WARN_UNUSED_FUNCTION = YES;
				GCC_WARN_UNUSED_VARIABLE = YES;
				IPHONEOS_DEPLOYMENT_TARGET = 8.0;
				MTL_ENABLE_DEBUG_INFO = YES;
				ONLY_ACTIVE_ARCH = YES;
				SDKROOT = iphoneos;
			};
			name = Debug;
		};
		CE106CD11D7EA5E700C7F181 /* Release */ = {
			isa = XCBuildConfiguration;
			buildSettings = {
				ALWAYS_SEARCH_USER_PATHS = NO;
				CLANG_ANALYZER_LOCALIZABILITY_NONLOCALIZED = YES;
				CLANG_ANALYZER_NONNULL = YES;
				CLANG_CXX_LANGUAGE_STANDARD = "gnu++0x";
				CLANG_CXX_LIBRARY = "libc++";
				CLANG_ENABLE_MODULES = YES;
				CLANG_ENABLE_OBJC_ARC = YES;
				CLANG_WARN_BOOL_CONVERSION = YES;
				CLANG_WARN_CONSTANT_CONVERSION = YES;
				CLANG_WARN_DIRECT_OBJC_ISA_USAGE = YES_ERROR;
				CLANG_WARN_EMPTY_BODY = YES;
				CLANG_WARN_ENUM_CONVERSION = YES;
				CLANG_WARN_INT_CONVERSION = YES;
				CLANG_WARN_OBJC_ROOT_CLASS = YES_ERROR;
				CLANG_WARN_UNREACHABLE_CODE = YES;
				CLANG_WARN__DUPLICATE_METHOD_MATCH = YES;
				"CODE_SIGN_IDENTITY[sdk=iphoneos*]" = "iPhone Developer";
				COPY_PHASE_STRIP = NO;
				DEBUG_INFORMATION_FORMAT = "dwarf-with-dsym";
				ENABLE_NS_ASSERTIONS = NO;
				ENABLE_STRICT_OBJC_MSGSEND = YES;
				GCC_C_LANGUAGE_STANDARD = gnu99;
				GCC_NO_COMMON_BLOCKS = YES;
				GCC_WARN_64_TO_32_BIT_CONVERSION = YES;
				GCC_WARN_ABOUT_RETURN_TYPE = YES_ERROR;
				GCC_WARN_UNDECLARED_SELECTOR = YES;
				GCC_WARN_UNINITIALIZED_AUTOS = YES_AGGRESSIVE;
				GCC_WARN_UNUSED_FUNCTION = YES;
				GCC_WARN_UNUSED_VARIABLE = YES;
				IPHONEOS_DEPLOYMENT_TARGET = 8.0;
				MTL_ENABLE_DEBUG_INFO = NO;
				SDKROOT = iphoneos;
				VALIDATE_PRODUCT = YES;
			};
			name = Release;
		};
		CE106CD31D7EA5E700C7F181 /* Debug */ = {
			isa = XCBuildConfiguration;
			baseConfigurationReference = 21E1E70429D533FD9DDD4B3D /* Pods.debug.xcconfig */;
			buildSettings = {
				ALWAYS_EMBED_SWIFT_STANDARD_LIBRARIES = YES;
				ASSETCATALOG_COMPILER_APPICON_NAME = AppIcon;
				ASSETCATALOG_COMPILER_LAUNCHIMAGE_NAME = LaunchImage;
				CLANG_ENABLE_MODULES = YES;
				CODE_SIGN_IDENTITY = "iPhone Developer";
				"CODE_SIGN_IDENTITY[sdk=iphoneos*]" = "iPhone Developer";
				DEBUG_INFORMATION_FORMAT = "dwarf-with-dsym";
				DEVELOPMENT_TEAM = 3U62SP5YP3;
				ENABLE_BITCODE = NO;
				FRAMEWORK_SEARCH_PATHS = (
					"$(inherited)",
					"$(PROJECT_DIR)",
					"$(PROJECT_DIR)/Carthage/Build/iOS",
				);
				GCC_PRECOMPILE_PREFIX_HEADER = YES;
				GCC_PREFIX_HEADER = "LoadResouse/LoadResouse-Prefix.pch";
				HEADER_SEARCH_PATHS = (
					"\"${PODS_ROOT}/Headers/Public\"",
					"\"${PODS_ROOT}/Headers/Public/AFNetworking\"",
					"\"${PODS_ROOT}/Headers/Public/DCAnimationKit\"",
					"\"${PODS_ROOT}/Headers/Public/EAIntroView\"",
					"\"${PODS_ROOT}/Headers/Public/EARestrictedScrollView\"",
					"\"${PODS_ROOT}/Headers/Public/MBProgressHUD\"",
					"\"${PODS_ROOT}/Headers/Public/MJRefresh\"",
					"\"${PODS_ROOT}/Headers/Public/OpenSSL-Universal\"",
					"\"${PODS_ROOT}/Headers/Public/OpenSSL-Universal/openssl\"",
					"\"${PODS_ROOT}/Headers/Public/RTLabel\"",
					"\"${PODS_ROOT}/Headers/Public/Reachability\"",
					"\"${PODS_ROOT}/Headers/Public/SDCycleScrollView\"",
					"\"${PODS_ROOT}/Headers/Public/SDWebImage\"",
					"\"${PODS_ROOT}/Headers/Public/TWRCharts\"",
					"\"${PODS_ROOT}/Headers/Public/Wonderful\"",
					"\"${PODS_ROOT}/Headers/Public/YYCache\"",
					"\"${PODS_ROOT}/Headers/Public/YYImage\"",
					"\"${PODS_ROOT}/Headers/Public/YYWebImage\"",
					"\"${PODS_ROOT}/Headers/Public/pjsip\"",
					"\"${PODS_ROOT}/Headers/Public/pjsip/src/pjlib/include\"",
					"\"$(PODS_ROOT)/pjsip/build/pjproject/src/pjlib/include\"",
					"\"$(PODS_ROOT)/pjsip/build/pjproject/src/pjlib-util/include\"",
					"\"$(PODS_ROOT)/pjsip/build/pjproject/src/pjmedia/include\"",
					"\"$(PODS_ROOT)/pjsip/build/pjproject/src/pjnath/include\"",
					"\"$(PODS_ROOT)/pjsip/build/pjproject/src/pjsip/include\"",
					"\"$(PROJECT_DIR)/SimpleSipPhone/PJSIP/includes/pjlib-util\"",
					"\"$(PROJECT_DIR)/SimpleSipPhone/PJSIP/includes/pjmedia\"",
					"\"$(PROJECT_DIR)/SimpleSipPhone/PJSIP/includes/pjsip\"",
					"\"$(PROJECT_DIR)/SimpleSipPhone/PJSIP/includes/pjnath\"",
					"\"$(PROJECT_DIR)/SimpleSipPhone/PJSIP/includes/pjlib\"",
				);
				INFOPLIST_FILE = LoadResouse/Info.plist;
				IPHONEOS_DEPLOYMENT_TARGET = 8.0;
				LD_RUNPATH_SEARCH_PATHS = "$(inherited) @executable_path/Frameworks";
				LIBRARY_SEARCH_PATHS = (
					"$(inherited)",
					"$(PROJECT_DIR)/LoadResouse",
				);
				OTHER_LIBTOOLFLAGS = "";
				PRODUCT_BUNDLE_IDENTIFIER = com.pptv.LoadResouse;
				PRODUCT_NAME = "$(TARGET_NAME)";
				SWIFT_OBJC_BRIDGING_HEADER = "LoadResouse/LoadResouse-Bridging-Header.h";
				SWIFT_OBJC_INTERFACE_HEADER_NAME = "LoadResouse-Swift.h";
				SWIFT_OPTIMIZATION_LEVEL = "-Onone";
				SWIFT_VERSION = 3.0;
				TARGETED_DEVICE_FAMILY = "1,2";
				USER_HEADER_SEARCH_PATHS = "${SRCR))T}/**";
			};
			name = Debug;
		};
		CE106CD41D7EA5E700C7F181 /* Release */ = {
			isa = XCBuildConfiguration;
			baseConfigurationReference = 66F1DE8C89C2F6441F3DB5CC /* Pods.release.xcconfig */;
			buildSettings = {
				ALWAYS_EMBED_SWIFT_STANDARD_LIBRARIES = YES;
				ASSETCATALOG_COMPILER_APPICON_NAME = AppIcon;
				ASSETCATALOG_COMPILER_LAUNCHIMAGE_NAME = LaunchImage;
				CLANG_ENABLE_MODULES = YES;
				CODE_SIGN_IDENTITY = "iPhone Developer";
				"CODE_SIGN_IDENTITY[sdk=iphoneos*]" = "iPhone Developer";
				DEVELOPMENT_TEAM = 3U62SP5YP3;
				ENABLE_BITCODE = NO;
				FRAMEWORK_SEARCH_PATHS = (
					"$(inherited)",
					"$(PROJECT_DIR)",
					"$(PROJECT_DIR)/Carthage/Build/iOS",
				);
				GCC_PRECOMPILE_PREFIX_HEADER = YES;
				GCC_PREFIX_HEADER = "LoadResouse/LoadResouse-Prefix.pch";
				HEADER_SEARCH_PATHS = (
					"\"${PODS_ROOT}/Headers/Public\"",
					"\"${PODS_ROOT}/Headers/Public/AFNetworking\"",
					"\"${PODS_ROOT}/Headers/Public/DCAnimationKit\"",
					"\"${PODS_ROOT}/Headers/Public/EAIntroView\"",
					"\"${PODS_ROOT}/Headers/Public/EARestrictedScrollView\"",
					"\"${PODS_ROOT}/Headers/Public/MBProgressHUD\"",
					"\"${PODS_ROOT}/Headers/Public/MJRefresh\"",
					"\"${PODS_ROOT}/Headers/Public/OpenSSL-Universal\"",
					"\"${PODS_ROOT}/Headers/Public/OpenSSL-Universal/openssl\"",
					"\"${PODS_ROOT}/Headers/Public/RTLabel\"",
					"\"${PODS_ROOT}/Headers/Public/Reachability\"",
					"\"${PODS_ROOT}/Headers/Public/SDCycleScrollView\"",
					"\"${PODS_ROOT}/Headers/Public/SDWebImage\"",
					"\"${PODS_ROOT}/Headers/Public/TWRCharts\"",
					"\"${PODS_ROOT}/Headers/Public/Wonderful\"",
					"\"${PODS_ROOT}/Headers/Public/YYCache\"",
					"\"${PODS_ROOT}/Headers/Public/YYImage\"",
					"\"${PODS_ROOT}/Headers/Public/YYWebImage\"",
					"\"${PODS_ROOT}/Headers/Public/pjsip\"",
					"\"${PODS_ROOT}/Headers/Public/pjsip/src/pjlib/include\"",
					"\"$(PODS_ROOT)/pjsip/build/pjproject/src/pjlib/include\"",
					"\"$(PODS_ROOT)/pjsip/build/pjproject/src/pjlib-util/include\"",
					"\"$(PODS_ROOT)/pjsip/build/pjproject/src/pjmedia/include\"",
					"\"$(PODS_ROOT)/pjsip/build/pjproject/src/pjnath/include\"",
					"\"$(PODS_ROOT)/pjsip/build/pjproject/src/pjsip/include\"",
					"\"$(PROJECT_DIR)/SimpleSipPhone/PJSIP/includes/pjlib-util\"",
					"\"$(PROJECT_DIR)/SimpleSipPhone/PJSIP/includes/pjmedia\"",
					"\"$(PROJECT_DIR)/SimpleSipPhone/PJSIP/includes/pjsip\"",
					"\"$(PROJECT_DIR)/SimpleSipPhone/PJSIP/includes/pjnath\"",
					"\"$(PROJECT_DIR)/SimpleSipPhone/PJSIP/includes/pjlib\"",
				);
				INFOPLIST_FILE = LoadResouse/Info.plist;
				IPHONEOS_DEPLOYMENT_TARGET = 8.0;
				LD_RUNPATH_SEARCH_PATHS = "$(inherited) @executable_path/Frameworks";
				LIBRARY_SEARCH_PATHS = (
					"$(inherited)",
					"$(PROJECT_DIR)/LoadResouse",
				);
				OTHER_LIBTOOLFLAGS = "";
				PRODUCT_BUNDLE_IDENTIFIER = com.pptv.LoadResouse;
				PRODUCT_NAME = "$(TARGET_NAME)";
				SWIFT_OBJC_BRIDGING_HEADER = "LoadResouse/LoadResouse-Bridging-Header.h";
				SWIFT_OBJC_INTERFACE_HEADER_NAME = "LoadResouse-Swift.h";
				SWIFT_VERSION = 3.0;
				TARGETED_DEVICE_FAMILY = "1,2";
				USER_HEADER_SEARCH_PATHS = "${SRCR))T}/**";
			};
			name = Release;
		};
/* End XCBuildConfiguration section */

/* Begin XCConfigurationList section */
		CE106CBC1D7EA5E600C7F181 /* Build configuration list for PBXProject "LoadResouse" */ = {
			isa = XCConfigurationList;
			buildConfigurations = (
				CE106CD01D7EA5E700C7F181 /* Debug */,
				CE106CD11D7EA5E700C7F181 /* Release */,
			);
			defaultConfigurationIsVisible = 0;
			defaultConfigurationName = Release;
		};
		CE106CD21D7EA5E700C7F181 /* Build configuration list for PBXNativeTarget "LoadResouse" */ = {
			isa = XCConfigurationList;
			buildConfigurations = (
				CE106CD31D7EA5E700C7F181 /* Debug */,
				CE106CD41D7EA5E700C7F181 /* Release */,
			);
			defaultConfigurationIsVisible = 0;
			defaultConfigurationName = Release;
		};
/* End XCConfigurationList section */
	};
	rootObject = CE106CB91D7EA5E600C7F181 /* Project object */;
}
